// !$*UTF8*$!
{
	archiveVersion = 1;
	classes = {
	};
	objectVersion = 42;
	objects = {

/* Begin PBXBuildFile section */
		A0072ADE0F1D0EC500B4A594 /* sfml-system.framework in Copy Frameworks */ = {isa = PBXBuildFile; fileRef = A01FB6CB0F07CFF2000AAC7B /* sfml-system.framework */; };
		A0072ADF0F1D0EC500B4A594 /* sfml-window.framework in Copy Frameworks */ = {isa = PBXBuildFile; fileRef = A01FB6CC0F07CFF2000AAC7B /* sfml-window.framework */; };
		A0072AE00F1D0EC500B4A594 /* sfml-graphics.framework in Copy Frameworks */ = {isa = PBXBuildFile; fileRef = A01FB6CA0F07CFF2000AAC7B /* sfml-graphics.framework */; };
		A01FB6CE0F07CFF2000AAC7B /* sfml-graphics.framework in Frameworks */ = {isa = PBXBuildFile; fileRef = A01FB6CA0F07CFF2000AAC7B /* sfml-graphics.framework */; };
		A01FB6CF0F07CFF2000AAC7B /* sfml-system.framework in Frameworks */ = {isa = PBXBuildFile; fileRef = A01FB6CB0F07CFF2000AAC7B /* sfml-system.framework */; };
		A01FB6D00F07CFF2000AAC7B /* sfml-window.framework in Frameworks */ = {isa = PBXBuildFile; fileRef = A01FB6CC0F07CFF2000AAC7B /* sfml-window.framework */; };
		DB0A9CD31727F4B7004AB293 /* event_handler.cpp in Sources */ = {isa = PBXBuildFile; fileRef = DB0A9CCA1727F4B7004AB293 /* event_handler.cpp */; };
		DB0A9CD41727F4B7004AB293 /* main.cpp in Sources */ = {isa = PBXBuildFile; fileRef = DB0A9CCC1727F4B7004AB293 /* main.cpp */; };
		DB0A9CD51727F4B7004AB293 /* menu.cpp in Sources */ = {isa = PBXBuildFile; fileRef = DB0A9CCD1727F4B7004AB293 /* menu.cpp */; };
		DB0A9CE11727F532004AB293 /* session.cpp in Sources */ = {isa = PBXBuildFile; fileRef = DB0A9CDE1727F532004AB293 /* session.cpp */; };
		DB0A9D091727F905004AB293 /* application.cpp in Sources */ = {isa = PBXBuildFile; fileRef = DB0A9D071727F905004AB293 /* application.cpp */; };
		DB0A9D2C1727FC11004AB293 /* sound.cpp in Sources */ = {isa = PBXBuildFile; fileRef = DB0A9D2A1727FC11004AB293 /* sound.cpp */; };
		DB0A9D311727FC78004AB293 /* slot.cpp in Sources */ = {isa = PBXBuildFile; fileRef = DB0A9D2F1727FC78004AB293 /* slot.cpp */; };
		DB0A9D351727FD03004AB293 /* sfml-audio.framework in Frameworks */ = {isa = PBXBuildFile; fileRef = DB0A9D341727FD03004AB293 /* sfml-audio.framework */; };
		DB0A9E031727FF45004AB293 /* Kick 1.wav in Resources */ = {isa = PBXBuildFile; fileRef = DB0A9D651727FF45004AB293 /* Kick 1.wav */; };
		DB0A9E041727FF45004AB293 /* Kick 2.wav in Resources */ = {isa = PBXBuildFile; fileRef = DB0A9D661727FF45004AB293 /* Kick 2.wav */; };
		DB0A9E051727FF45004AB293 /* Kick 3.WAV in Resources */ = {isa = PBXBuildFile; fileRef = DB0A9D671727FF45004AB293 /* Kick 3.WAV */; };
		DB0A9E061727FF45004AB293 /* Kick 4.WAV in Resources */ = {isa = PBXBuildFile; fileRef = DB0A9D681727FF45004AB293 /* Kick 4.WAV */; };
		DB0A9E071727FF45004AB293 /* Kick 5.WAV in Resources */ = {isa = PBXBuildFile; fileRef = DB0A9D691727FF45004AB293 /* Kick 5.WAV */; };
		DB0A9E081727FF45004AB293 /* Kick 6.WAV in Resources */ = {isa = PBXBuildFile; fileRef = DB0A9D6A1727FF45004AB293 /* Kick 6.WAV */; };
		DB0A9E091727FF45004AB293 /* Kick 7.WAV in Resources */ = {isa = PBXBuildFile; fileRef = DB0A9D6B1727FF45004AB293 /* Kick 7.WAV */; };
		DB0A9E0A1727FF45004AB293 /* Kick 8.WAV in Resources */ = {isa = PBXBuildFile; fileRef = DB0A9D6C1727FF45004AB293 /* Kick 8.WAV */; };
		DB0A9E0B1727FF45004AB293 /* Kick 9.WAV in Resources */ = {isa = PBXBuildFile; fileRef = DB0A9D6D1727FF45004AB293 /* Kick 9.WAV */; };
		DB0A9E0C1727FF45004AB293 /* Kick 10.WAV in Resources */ = {isa = PBXBuildFile; fileRef = DB0A9D6E1727FF45004AB293 /* Kick 10.WAV */; };
		DB0A9E0D1727FF45004AB293 /* Kick 11.WAV in Resources */ = {isa = PBXBuildFile; fileRef = DB0A9D6F1727FF45004AB293 /* Kick 11.WAV */; };
		DB0A9E0E1727FF45004AB293 /* Kick 12.WAV in Resources */ = {isa = PBXBuildFile; fileRef = DB0A9D701727FF45004AB293 /* Kick 12.WAV */; };
		DB0A9E0F1727FF45004AB293 /* Kick 13.wav in Resources */ = {isa = PBXBuildFile; fileRef = DB0A9D711727FF45004AB293 /* Kick 13.wav */; };
		DB0A9E101727FF45004AB293 /* Kick 14.WAV in Resources */ = {isa = PBXBuildFile; fileRef = DB0A9D721727FF45004AB293 /* Kick 14.WAV */; };
		DB0A9E111727FF45004AB293 /* Kick 15.WAV in Resources */ = {isa = PBXBuildFile; fileRef = DB0A9D731727FF45004AB293 /* Kick 15.WAV */; };
		DB0A9E121727FF45004AB293 /* Kick 16.WAV in Resources */ = {isa = PBXBuildFile; fileRef = DB0A9D741727FF45004AB293 /* Kick 16.WAV */; };
		DB0A9E131727FF45004AB293 /* Kick 17.WAV in Resources */ = {isa = PBXBuildFile; fileRef = DB0A9D751727FF45004AB293 /* Kick 17.WAV */; };
		DB0A9E141727FF45004AB293 /* Kick 18.WAV in Resources */ = {isa = PBXBuildFile; fileRef = DB0A9D761727FF45004AB293 /* Kick 18.WAV */; };
		DB0A9E151727FF45004AB293 /* Kick 19.WAV in Resources */ = {isa = PBXBuildFile; fileRef = DB0A9D771727FF45004AB293 /* Kick 19.WAV */; };
		DB0A9E161727FF45004AB293 /* Kick 20.WAV in Resources */ = {isa = PBXBuildFile; fileRef = DB0A9D781727FF45004AB293 /* Kick 20.WAV */; };
		DB0A9E171727FF45004AB293 /* Kick 21.WAV in Resources */ = {isa = PBXBuildFile; fileRef = DB0A9D791727FF45004AB293 /* Kick 21.WAV */; };
		DB0A9E181727FF45004AB293 /* Kick 22.WAV in Resources */ = {isa = PBXBuildFile; fileRef = DB0A9D7A1727FF45004AB293 /* Kick 22.WAV */; };
		DB0A9E191727FF45004AB293 /* Kick 23.WAV in Resources */ = {isa = PBXBuildFile; fileRef = DB0A9D7B1727FF45004AB293 /* Kick 23.WAV */; };
		DB0A9E1A1727FF45004AB293 /* Kick 24.wav in Resources */ = {isa = PBXBuildFile; fileRef = DB0A9D7C1727FF45004AB293 /* Kick 24.wav */; };
		DB0A9E1B1727FF45004AB293 /* Kick 25.WAV in Resources */ = {isa = PBXBuildFile; fileRef = DB0A9D7D1727FF45004AB293 /* Kick 25.WAV */; };
		DB0A9E1C1727FF45004AB293 /* Kick 26.WAV in Resources */ = {isa = PBXBuildFile; fileRef = DB0A9D7E1727FF45004AB293 /* Kick 26.WAV */; };
		DB0A9E1D1727FF45004AB293 /* Kick 27.WAV in Resources */ = {isa = PBXBuildFile; fileRef = DB0A9D7F1727FF45004AB293 /* Kick 27.WAV */; };
		DB0A9E1E1727FF45004AB293 /* Kick 28.WAV in Resources */ = {isa = PBXBuildFile; fileRef = DB0A9D801727FF45004AB293 /* Kick 28.WAV */; };
		DB0A9E1F1727FF45004AB293 /* Kick 29.WAV in Resources */ = {isa = PBXBuildFile; fileRef = DB0A9D811727FF45004AB293 /* Kick 29.WAV */; };
		DB0A9E201727FF45004AB293 /* Kick 30.WAV in Resources */ = {isa = PBXBuildFile; fileRef = DB0A9D821727FF45004AB293 /* Kick 30.WAV */; };
		DB0A9E211727FF45004AB293 /* Kick 31.WAV in Resources */ = {isa = PBXBuildFile; fileRef = DB0A9D831727FF45004AB293 /* Kick 31.WAV */; };
		DB0A9E221727FF45004AB293 /* Kick 32.WAV in Resources */ = {isa = PBXBuildFile; fileRef = DB0A9D841727FF45004AB293 /* Kick 32.WAV */; };
		DB0A9E231727FF45004AB293 /* Kick 33.WAV in Resources */ = {isa = PBXBuildFile; fileRef = DB0A9D851727FF45004AB293 /* Kick 33.WAV */; };
		DB0A9E241727FF45004AB293 /* Kick 34.WAV in Resources */ = {isa = PBXBuildFile; fileRef = DB0A9D861727FF45004AB293 /* Kick 34.WAV */; };
		DB0A9E251727FF45004AB293 /* Kick 35.wav in Resources */ = {isa = PBXBuildFile; fileRef = DB0A9D871727FF45004AB293 /* Kick 35.wav */; };
		DB0A9E261727FF45004AB293 /* Kick 36.WAV in Resources */ = {isa = PBXBuildFile; fileRef = DB0A9D881727FF45004AB293 /* Kick 36.WAV */; };
		DB0A9E271727FF45004AB293 /* Kick 37.WAV in Resources */ = {isa = PBXBuildFile; fileRef = DB0A9D891727FF45004AB293 /* Kick 37.WAV */; };
		DB0A9E281727FF45004AB293 /* Kick 38.WAV in Resources */ = {isa = PBXBuildFile; fileRef = DB0A9D8A1727FF45004AB293 /* Kick 38.WAV */; };
		DB0A9E291727FF45004AB293 /* Kick 39.WAV in Resources */ = {isa = PBXBuildFile; fileRef = DB0A9D8B1727FF45004AB293 /* Kick 39.WAV */; };
		DB0A9E2A1727FF45004AB293 /* Kick 40.WAV in Resources */ = {isa = PBXBuildFile; fileRef = DB0A9D8C1727FF45004AB293 /* Kick 40.WAV */; };
		DB0A9E2B1727FF45004AB293 /* Kick 41.WAV in Resources */ = {isa = PBXBuildFile; fileRef = DB0A9D8D1727FF45004AB293 /* Kick 41.WAV */; };
		DB0A9E2C1727FF45004AB293 /* Kick 42.WAV in Resources */ = {isa = PBXBuildFile; fileRef = DB0A9D8E1727FF45004AB293 /* Kick 42.WAV */; };
		DB0A9E2D1727FF45004AB293 /* Kick 43.wav in Resources */ = {isa = PBXBuildFile; fileRef = DB0A9D8F1727FF45004AB293 /* Kick 43.wav */; };
		DB0A9E2E1727FF45004AB293 /* Kick 44.wav in Resources */ = {isa = PBXBuildFile; fileRef = DB0A9D901727FF45004AB293 /* Kick 44.wav */; };
		DB0A9E2F1727FF45004AB293 /* Kick 45.WAV in Resources */ = {isa = PBXBuildFile; fileRef = DB0A9D911727FF45004AB293 /* Kick 45.WAV */; };
		DB0A9E301727FF45004AB293 /* Kick 46.wav in Resources */ = {isa = PBXBuildFile; fileRef = DB0A9D921727FF45004AB293 /* Kick 46.wav */; };
		DB0A9E311727FF45004AB293 /* Kick 47.WAV in Resources */ = {isa = PBXBuildFile; fileRef = DB0A9D931727FF45004AB293 /* Kick 47.WAV */; };
		DB0A9E321727FF45004AB293 /* Kick 48.WAV in Resources */ = {isa = PBXBuildFile; fileRef = DB0A9D941727FF45004AB293 /* Kick 48.WAV */; };
		DB0A9E331727FF45004AB293 /* Kick 49.WAV in Resources */ = {isa = PBXBuildFile; fileRef = DB0A9D951727FF45004AB293 /* Kick 49.WAV */; };
		DB0A9E341727FF45004AB293 /* Kick 50.WAV in Resources */ = {isa = PBXBuildFile; fileRef = DB0A9D961727FF45004AB293 /* Kick 50.WAV */; };
		DB0A9E351727FF45004AB293 /* Kick 51.WAV in Resources */ = {isa = PBXBuildFile; fileRef = DB0A9D971727FF45004AB293 /* Kick 51.WAV */; };
		DB0A9E361727FF45004AB293 /* Kick 52.WAV in Resources */ = {isa = PBXBuildFile; fileRef = DB0A9D981727FF45004AB293 /* Kick 52.WAV */; };
		DB0A9E371727FF45004AB293 /* Kick 53.wav in Resources */ = {isa = PBXBuildFile; fileRef = DB0A9D991727FF45004AB293 /* Kick 53.wav */; };
		DB0A9E381727FF45004AB293 /* Kick 54.wav in Resources */ = {isa = PBXBuildFile; fileRef = DB0A9D9A1727FF45004AB293 /* Kick 54.wav */; };
		DB0A9E391727FF45004AB293 /* Kick 55.wav in Resources */ = {isa = PBXBuildFile; fileRef = DB0A9D9B1727FF45004AB293 /* Kick 55.wav */; };
		DB0A9E3A1727FF45004AB293 /* Kick 56.WAV in Resources */ = {isa = PBXBuildFile; fileRef = DB0A9D9C1727FF45004AB293 /* Kick 56.WAV */; };
		DB0A9E3B1727FF45004AB293 /* Kick 57.wav in Resources */ = {isa = PBXBuildFile; fileRef = DB0A9D9D1727FF45004AB293 /* Kick 57.wav */; };
		DB0A9E3C1727FF45004AB293 /* Kick 58.WAV in Resources */ = {isa = PBXBuildFile; fileRef = DB0A9D9E1727FF45004AB293 /* Kick 58.WAV */; };
		DB0A9E3D1727FF45004AB293 /* Kick 59.WAV in Resources */ = {isa = PBXBuildFile; fileRef = DB0A9D9F1727FF45004AB293 /* Kick 59.WAV */; };
		DB0A9E3E1727FF45004AB293 /* Kick 60.WAV in Resources */ = {isa = PBXBuildFile; fileRef = DB0A9DA01727FF45004AB293 /* Kick 60.WAV */; };
		DB0A9E3F1727FF45004AB293 /* Kick 61.WAV in Resources */ = {isa = PBXBuildFile; fileRef = DB0A9DA11727FF45004AB293 /* Kick 61.WAV */; };
		DB0A9E401727FF45004AB293 /* Kick 62.WAV in Resources */ = {isa = PBXBuildFile; fileRef = DB0A9DA21727FF45004AB293 /* Kick 62.WAV */; };
		DB0A9E411727FF45004AB293 /* Kick 63.WAV in Resources */ = {isa = PBXBuildFile; fileRef = DB0A9DA31727FF45004AB293 /* Kick 63.WAV */; };
		DB0A9E421727FF45004AB293 /* Kick 64.WAV in Resources */ = {isa = PBXBuildFile; fileRef = DB0A9DA41727FF45004AB293 /* Kick 64.WAV */; };
		DB0A9E431727FF45004AB293 /* Kick 65.wav in Resources */ = {isa = PBXBuildFile; fileRef = DB0A9DA51727FF45004AB293 /* Kick 65.wav */; };
		DB0A9E441727FF45004AB293 /* Kick 66.wav in Resources */ = {isa = PBXBuildFile; fileRef = DB0A9DA61727FF45004AB293 /* Kick 66.wav */; };
		DB0A9E451727FF45004AB293 /* Kick 67.wav in Resources */ = {isa = PBXBuildFile; fileRef = DB0A9DA71727FF45004AB293 /* Kick 67.wav */; };
		DB0A9E461727FF45004AB293 /* Kick 68.wav in Resources */ = {isa = PBXBuildFile; fileRef = DB0A9DA81727FF45004AB293 /* Kick 68.wav */; };
		DB0A9E471727FF45004AB293 /* Kick 69.wav in Resources */ = {isa = PBXBuildFile; fileRef = DB0A9DA91727FF45004AB293 /* Kick 69.wav */; };
		DB0A9E481727FF45004AB293 /* Kick 70.wav in Resources */ = {isa = PBXBuildFile; fileRef = DB0A9DAA1727FF45004AB293 /* Kick 70.wav */; };
		DB0A9E491727FF45004AB293 /* Kick 71.wav in Resources */ = {isa = PBXBuildFile; fileRef = DB0A9DAB1727FF45004AB293 /* Kick 71.wav */; };
		DB0A9E4A1727FF45004AB293 /* Kick 72.wav in Resources */ = {isa = PBXBuildFile; fileRef = DB0A9DAC1727FF45004AB293 /* Kick 72.wav */; };
		DB0A9E4B1727FF45004AB293 /* Kick 73.wav in Resources */ = {isa = PBXBuildFile; fileRef = DB0A9DAD1727FF45004AB293 /* Kick 73.wav */; };
		DB0A9E4C1727FF45004AB293 /* Kick 74.wav in Resources */ = {isa = PBXBuildFile; fileRef = DB0A9DAE1727FF45004AB293 /* Kick 74.wav */; };
		DB0A9E4D1727FF45004AB293 /* Kick 75.wav in Resources */ = {isa = PBXBuildFile; fileRef = DB0A9DAF1727FF45004AB293 /* Kick 75.wav */; };
		DB0A9E4E1727FF45004AB293 /* Kick 76.wav in Resources */ = {isa = PBXBuildFile; fileRef = DB0A9DB01727FF45004AB293 /* Kick 76.wav */; };
		DB0A9E4F1727FF45004AB293 /* Kick 77.wav in Resources */ = {isa = PBXBuildFile; fileRef = DB0A9DB11727FF45004AB293 /* Kick 77.wav */; };
		DB0A9E501727FF45004AB293 /* Kick 78.wav in Resources */ = {isa = PBXBuildFile; fileRef = DB0A9DB21727FF45004AB293 /* Kick 78.wav */; };
		DB0A9E511727FF45004AB293 /* Kick 79.wav in Resources */ = {isa = PBXBuildFile; fileRef = DB0A9DB31727FF45004AB293 /* Kick 79.wav */; };
		DB0A9E521727FF45004AB293 /* Kick 80.wav in Resources */ = {isa = PBXBuildFile; fileRef = DB0A9DB41727FF45004AB293 /* Kick 80.wav */; };
		DB0A9E531727FF45004AB293 /* Kick 81.wav in Resources */ = {isa = PBXBuildFile; fileRef = DB0A9DB51727FF45004AB293 /* Kick 81.wav */; };
		DB0A9E541727FF45004AB293 /* Kick 82.wav in Resources */ = {isa = PBXBuildFile; fileRef = DB0A9DB61727FF45004AB293 /* Kick 82.wav */; };
		DB0A9E551727FF45004AB293 /* Kick 83.wav in Resources */ = {isa = PBXBuildFile; fileRef = DB0A9DB71727FF45004AB293 /* Kick 83.wav */; };
		DB0A9E561727FF45004AB293 /* Kick 84.wav in Resources */ = {isa = PBXBuildFile; fileRef = DB0A9DB81727FF45004AB293 /* Kick 84.wav */; };
		DB0A9E571727FF45004AB293 /* Kick 85.wav in Resources */ = {isa = PBXBuildFile; fileRef = DB0A9DB91727FF45004AB293 /* Kick 85.wav */; };
		DB0A9E581727FF45004AB293 /* Kick 86.wav in Resources */ = {isa = PBXBuildFile; fileRef = DB0A9DBA1727FF45004AB293 /* Kick 86.wav */; };
		DB0A9E591727FF45004AB293 /* Kick 87.wav in Resources */ = {isa = PBXBuildFile; fileRef = DB0A9DBB1727FF45004AB293 /* Kick 87.wav */; };
		DB0A9E5A1727FF45004AB293 /* Kick 88.wav in Resources */ = {isa = PBXBuildFile; fileRef = DB0A9DBC1727FF45004AB293 /* Kick 88.wav */; };
		DB0A9E5B1727FF45004AB293 /* Kick 89.wav in Resources */ = {isa = PBXBuildFile; fileRef = DB0A9DBD1727FF45004AB293 /* Kick 89.wav */; };
		DB0A9E5C1727FF45004AB293 /* Kick 90.wav in Resources */ = {isa = PBXBuildFile; fileRef = DB0A9DBE1727FF45004AB293 /* Kick 90.wav */; };
		DB0A9E5D1727FF45004AB293 /* Kick 91.wav in Resources */ = {isa = PBXBuildFile; fileRef = DB0A9DBF1727FF45004AB293 /* Kick 91.wav */; };
		DB0A9E5E1727FF45004AB293 /* Kick 92.wav in Resources */ = {isa = PBXBuildFile; fileRef = DB0A9DC01727FF45004AB293 /* Kick 92.wav */; };
		DB0A9E5F1727FF45004AB293 /* Kick 93.wav in Resources */ = {isa = PBXBuildFile; fileRef = DB0A9DC11727FF45004AB293 /* Kick 93.wav */; };
		DB0A9E601727FF45004AB293 /* Kick 94.wav in Resources */ = {isa = PBXBuildFile; fileRef = DB0A9DC21727FF45004AB293 /* Kick 94.wav */; };
		DB0A9E611727FF45004AB293 /* Kick 95.wav in Resources */ = {isa = PBXBuildFile; fileRef = DB0A9DC31727FF45004AB293 /* Kick 95.wav */; };
		DB0A9E621727FF45004AB293 /* Kick 96.wav in Resources */ = {isa = PBXBuildFile; fileRef = DB0A9DC41727FF45004AB293 /* Kick 96.wav */; };
		DB0A9E631727FF45004AB293 /* Kick 97.wav in Resources */ = {isa = PBXBuildFile; fileRef = DB0A9DC51727FF45004AB293 /* Kick 97.wav */; };
		DB0A9E641727FF45004AB293 /* Kick 98.wav in Resources */ = {isa = PBXBuildFile; fileRef = DB0A9DC61727FF45004AB293 /* Kick 98.wav */; };
		DB0A9E651727FF45004AB293 /* Kick 99.wav in Resources */ = {isa = PBXBuildFile; fileRef = DB0A9DC71727FF45004AB293 /* Kick 99.wav */; };
		DB0A9E661727FF45004AB293 /* Kick 100.wav in Resources */ = {isa = PBXBuildFile; fileRef = DB0A9DC81727FF45004AB293 /* Kick 100.wav */; };
		DB0A9E671727FF45004AB293 /* Kick 101.wav in Resources */ = {isa = PBXBuildFile; fileRef = DB0A9DC91727FF45004AB293 /* Kick 101.wav */; };
		DB0A9E681727FF45004AB293 /* Kick 102.wav in Resources */ = {isa = PBXBuildFile; fileRef = DB0A9DCA1727FF45004AB293 /* Kick 102.wav */; };
		DB0A9E691727FF45004AB293 /* Kick 103.wav in Resources */ = {isa = PBXBuildFile; fileRef = DB0A9DCB1727FF45004AB293 /* Kick 103.wav */; };
		DB0A9E6A1727FF45004AB293 /* Kick 104.wav in Resources */ = {isa = PBXBuildFile; fileRef = DB0A9DCC1727FF45004AB293 /* Kick 104.wav */; };
		DB0A9E6B1727FF45004AB293 /* Kick 105.wav in Resources */ = {isa = PBXBuildFile; fileRef = DB0A9DCD1727FF45004AB293 /* Kick 105.wav */; };
		DB0A9E6C1727FF45004AB293 /* Kick 106.wav in Resources */ = {isa = PBXBuildFile; fileRef = DB0A9DCE1727FF45004AB293 /* Kick 106.wav */; };
		DB0A9E6D1727FF45004AB293 /* Kick 107.wav in Resources */ = {isa = PBXBuildFile; fileRef = DB0A9DCF1727FF45004AB293 /* Kick 107.wav */; };
		DB0A9E6E1727FF45004AB293 /* Kick 108.wav in Resources */ = {isa = PBXBuildFile; fileRef = DB0A9DD01727FF45004AB293 /* Kick 108.wav */; };
		DB0A9E6F1727FF45004AB293 /* Kick 109.wav in Resources */ = {isa = PBXBuildFile; fileRef = DB0A9DD11727FF45004AB293 /* Kick 109.wav */; };
		DB0A9E701727FF45004AB293 /* Kick 110.wav in Resources */ = {isa = PBXBuildFile; fileRef = DB0A9DD21727FF45004AB293 /* Kick 110.wav */; };
		DB0A9E711727FF45004AB293 /* Kick 111.wav in Resources */ = {isa = PBXBuildFile; fileRef = DB0A9DD31727FF45004AB293 /* Kick 111.wav */; };
		DB0A9E721727FF45004AB293 /* Kick 112.wav in Resources */ = {isa = PBXBuildFile; fileRef = DB0A9DD41727FF45004AB293 /* Kick 112.wav */; };
		DB0A9E731727FF45004AB293 /* Kick 113.wav in Resources */ = {isa = PBXBuildFile; fileRef = DB0A9DD51727FF45004AB293 /* Kick 113.wav */; };
		DB0A9E741727FF45004AB293 /* Kick 114.wav in Resources */ = {isa = PBXBuildFile; fileRef = DB0A9DD61727FF45004AB293 /* Kick 114.wav */; };
		DB0A9E751727FF45004AB293 /* Kick 115.wav in Resources */ = {isa = PBXBuildFile; fileRef = DB0A9DD71727FF45004AB293 /* Kick 115.wav */; };
		DB0A9E761727FF45004AB293 /* Kick 116.wav in Resources */ = {isa = PBXBuildFile; fileRef = DB0A9DD81727FF45004AB293 /* Kick 116.wav */; };
		DB0A9E771727FF45004AB293 /* Kick 117.wav in Resources */ = {isa = PBXBuildFile; fileRef = DB0A9DD91727FF45004AB293 /* Kick 117.wav */; };
		DB0A9E781727FF45004AB293 /* Kick 118.wav in Resources */ = {isa = PBXBuildFile; fileRef = DB0A9DDA1727FF45004AB293 /* Kick 118.wav */; };
		DB0A9E791727FF45004AB293 /* Kick 119.wav in Resources */ = {isa = PBXBuildFile; fileRef = DB0A9DDB1727FF45004AB293 /* Kick 119.wav */; };
		DB0A9E7A1727FF45004AB293 /* Kick 120.wav in Resources */ = {isa = PBXBuildFile; fileRef = DB0A9DDC1727FF45004AB293 /* Kick 120.wav */; };
		DB0A9E7B1727FF45004AB293 /* Kick 121.wav in Resources */ = {isa = PBXBuildFile; fileRef = DB0A9DDD1727FF45004AB293 /* Kick 121.wav */; };
		DB0A9E7C1727FF45004AB293 /* Kick 122.wav in Resources */ = {isa = PBXBuildFile; fileRef = DB0A9DDE1727FF45004AB293 /* Kick 122.wav */; };
		DB0A9E7D1727FF45004AB293 /* Kick 123.wav in Resources */ = {isa = PBXBuildFile; fileRef = DB0A9DDF1727FF45004AB293 /* Kick 123.wav */; };
		DB0A9E7E1727FF45004AB293 /* Kick 124.wav in Resources */ = {isa = PBXBuildFile; fileRef = DB0A9DE01727FF45004AB293 /* Kick 124.wav */; };
		DB0A9E7F1727FF45004AB293 /* Kick 125.wav in Resources */ = {isa = PBXBuildFile; fileRef = DB0A9DE11727FF45004AB293 /* Kick 125.wav */; };
		DB0A9E801727FF45004AB293 /* Kick 126.wav in Resources */ = {isa = PBXBuildFile; fileRef = DB0A9DE21727FF45004AB293 /* Kick 126.wav */; };
		DB0A9E811727FF45004AB293 /* Kick 127.wav in Resources */ = {isa = PBXBuildFile; fileRef = DB0A9DE31727FF45004AB293 /* Kick 127.wav */; };
		DB0A9E821727FF45004AB293 /* Kick 128.wav in Resources */ = {isa = PBXBuildFile; fileRef = DB0A9DE41727FF45004AB293 /* Kick 128.wav */; };
		DB0A9E831727FF45004AB293 /* Kick 129.wav in Resources */ = {isa = PBXBuildFile; fileRef = DB0A9DE51727FF45004AB293 /* Kick 129.wav */; };
		DB0A9E841727FF45004AB293 /* Kick 130.wav in Resources */ = {isa = PBXBuildFile; fileRef = DB0A9DE61727FF45004AB293 /* Kick 130.wav */; };
		DB0A9E851727FF45004AB293 /* Kick 131.wav in Resources */ = {isa = PBXBuildFile; fileRef = DB0A9DE71727FF45004AB293 /* Kick 131.wav */; };
		DB0A9E861727FF45004AB293 /* Kick 132.wav in Resources */ = {isa = PBXBuildFile; fileRef = DB0A9DE81727FF45004AB293 /* Kick 132.wav */; };
		DB0A9E871727FF45004AB293 /* Kick 133.wav in Resources */ = {isa = PBXBuildFile; fileRef = DB0A9DE91727FF45004AB293 /* Kick 133.wav */; };
		DB0A9E881727FF45004AB293 /* Kick 134.wav in Resources */ = {isa = PBXBuildFile; fileRef = DB0A9DEA1727FF45004AB293 /* Kick 134.wav */; };
		DB0A9E891727FF45004AB293 /* Kick 135.wav in Resources */ = {isa = PBXBuildFile; fileRef = DB0A9DEB1727FF45004AB293 /* Kick 135.wav */; };
		DB0A9E8A1727FF45004AB293 /* Kick 136.wav in Resources */ = {isa = PBXBuildFile; fileRef = DB0A9DEC1727FF45004AB293 /* Kick 136.wav */; };
		DB0A9E8B1727FF45004AB293 /* Kick 137.wav in Resources */ = {isa = PBXBuildFile; fileRef = DB0A9DED1727FF45004AB293 /* Kick 137.wav */; };
		DB0A9E8C1727FF45004AB293 /* Kick 138.wav in Resources */ = {isa = PBXBuildFile; fileRef = DB0A9DEE1727FF45004AB293 /* Kick 138.wav */; };
		DB0A9E8D1727FF45004AB293 /* Kick 139.wav in Resources */ = {isa = PBXBuildFile; fileRef = DB0A9DEF1727FF45004AB293 /* Kick 139.wav */; };
		DB0A9E8E1727FF45004AB293 /* Kick 140.wav in Resources */ = {isa = PBXBuildFile; fileRef = DB0A9DF01727FF45004AB293 /* Kick 140.wav */; };
		DB0A9E8F1727FF45004AB293 /* Kick 141.wav in Resources */ = {isa = PBXBuildFile; fileRef = DB0A9DF11727FF45004AB293 /* Kick 141.wav */; };
		DB0A9E901727FF45004AB293 /* Kick 142.WAV in Resources */ = {isa = PBXBuildFile; fileRef = DB0A9DF21727FF45004AB293 /* Kick 142.WAV */; };
		DB0A9E911727FF45004AB293 /* Kick 143.wav in Resources */ = {isa = PBXBuildFile; fileRef = DB0A9DF31727FF45004AB293 /* Kick 143.wav */; };
		DB0A9E921727FF45004AB293 /* Kick 144.wav in Resources */ = {isa = PBXBuildFile; fileRef = DB0A9DF41727FF45004AB293 /* Kick 144.wav */; };
		DB0A9E931727FF45004AB293 /* Kick 145.WAV in Resources */ = {isa = PBXBuildFile; fileRef = DB0A9DF51727FF45004AB293 /* Kick 145.WAV */; };
		DB0A9E941727FF45004AB293 /* Kick 146.WAV in Resources */ = {isa = PBXBuildFile; fileRef = DB0A9DF61727FF45004AB293 /* Kick 146.WAV */; };
		DB0A9E951727FF45004AB293 /* Kick 147.wav in Resources */ = {isa = PBXBuildFile; fileRef = DB0A9DF71727FF45004AB293 /* Kick 147.wav */; };
		DB0A9E961727FF45004AB293 /* Kick 148.wav in Resources */ = {isa = PBXBuildFile; fileRef = DB0A9DF81727FF45004AB293 /* Kick 148.wav */; };
		DB0A9E971727FF45004AB293 /* Kick 149.WAV in Resources */ = {isa = PBXBuildFile; fileRef = DB0A9DF91727FF45004AB293 /* Kick 149.WAV */; };
		DB0A9E981727FF45004AB293 /* Kick 150.wav in Resources */ = {isa = PBXBuildFile; fileRef = DB0A9DFA1727FF45004AB293 /* Kick 150.wav */; };
		DB0A9E991727FF45004AB293 /* Kick 151.wav in Resources */ = {isa = PBXBuildFile; fileRef = DB0A9DFB1727FF45004AB293 /* Kick 151.wav */; };
		DB0A9E9A1727FF45004AB293 /* Kick 152.wav in Resources */ = {isa = PBXBuildFile; fileRef = DB0A9DFC1727FF45004AB293 /* Kick 152.wav */; };
		DB0A9E9B1727FF45004AB293 /* Kick 153.WAV in Resources */ = {isa = PBXBuildFile; fileRef = DB0A9DFD1727FF45004AB293 /* Kick 153.WAV */; };
		DB0A9E9C1727FF45004AB293 /* Kick 154.wav in Resources */ = {isa = PBXBuildFile; fileRef = DB0A9DFE1727FF45004AB293 /* Kick 154.wav */; };
		DB0A9E9D1727FF45004AB293 /* Kick 155.wav in Resources */ = {isa = PBXBuildFile; fileRef = DB0A9DFF1727FF45004AB293 /* Kick 155.wav */; };
		DB0A9E9E1727FF45004AB293 /* Kick 156.WAV in Resources */ = {isa = PBXBuildFile; fileRef = DB0A9E001727FF45004AB293 /* Kick 156.WAV */; };
		DB0A9E9F1727FF45004AB293 /* Kick 157.WAV in Resources */ = {isa = PBXBuildFile; fileRef = DB0A9E011727FF45004AB293 /* Kick 157.WAV */; };
		DB0A9EA01727FF45004AB293 /* Kick 158.wav in Resources */ = {isa = PBXBuildFile; fileRef = DB0A9E021727FF45004AB293 /* Kick 158.wav */; };
		DB0A9EA3172803C1004AB293 /* background.jpg in Resources */ = {isa = PBXBuildFile; fileRef = DB0A9EA1172803C1004AB293 /* background.jpg */; };
		DB0A9EA4172803C1004AB293 /* button.jpg in Resources */ = {isa = PBXBuildFile; fileRef = DB0A9EA2172803C1004AB293 /* button.jpg */; };
/* End PBXBuildFile section */

/* Begin PBXCopyFilesBuildPhase section */
		A0072AF00F1D0EDD00B4A594 /* Copy Frameworks */ = {
			isa = PBXCopyFilesBuildPhase;
			buildActionMask = 2147483647;
			dstPath = "";
			dstSubfolderSpec = 10;
			files = (
				A0072ADE0F1D0EC500B4A594 /* sfml-system.framework in Copy Frameworks */,
				A0072ADF0F1D0EC500B4A594 /* sfml-window.framework in Copy Frameworks */,
				A0072AE00F1D0EC500B4A594 /* sfml-graphics.framework in Copy Frameworks */,
			);
			name = "Copy Frameworks";
			runOnlyForDeploymentPostprocessing = 0;
		};
/* End PBXCopyFilesBuildPhase section */

/* Begin PBXFileReference section */
		A01FB6A90F07CF6E000AAC7B /* Stepilicious.app */ = {isa = PBXFileReference; explicitFileType = wrapper.application; includeInIndex = 0; path = Stepilicious.app; sourceTree = BUILT_PRODUCTS_DIR; };
		A01FB6AC0F07CF6E000AAC7B /* Info.plist */ = {isa = PBXFileReference; lastKnownFileType = text.plist.xml; path = Info.plist; sourceTree = "<group>"; };
		A01FB6CA0F07CFF2000AAC7B /* sfml-graphics.framework */ = {isa = PBXFileReference; lastKnownFileType = wrapper.framework; name = "sfml-graphics.framework"; path = "/Library/Frameworks/sfml-graphics.framework"; sourceTree = "<absolute>"; };
		A01FB6CB0F07CFF2000AAC7B /* sfml-system.framework */ = {isa = PBXFileReference; lastKnownFileType = wrapper.framework; name = "sfml-system.framework"; path = "/Library/Frameworks/sfml-system.framework"; sourceTree = "<absolute>"; };
		A01FB6CC0F07CFF2000AAC7B /* sfml-window.framework */ = {isa = PBXFileReference; lastKnownFileType = wrapper.framework; name = "sfml-window.framework"; path = "/Library/Frameworks/sfml-window.framework"; sourceTree = "<absolute>"; };
		A01FB6CD0F07CFF2000AAC7B /* SFML.framework */ = {isa = PBXFileReference; lastKnownFileType = wrapper.framework; name = SFML.framework; path = /Library/Frameworks/SFML.framework; sourceTree = "<absolute>"; };
		DB0A9CCA1727F4B7004AB293 /* event_handler.cpp */ = {isa = PBXFileReference; fileEncoding = 4; lastKnownFileType = sourcecode.cpp.cpp; path = event_handler.cpp; sourceTree = "<group>"; };
		DB0A9CCB1727F4B7004AB293 /* event_handler.h */ = {isa = PBXFileReference; fileEncoding = 4; lastKnownFileType = sourcecode.c.h; path = event_handler.h; sourceTree = "<group>"; };
		DB0A9CCC1727F4B7004AB293 /* main.cpp */ = {isa = PBXFileReference; fileEncoding = 4; lastKnownFileType = sourcecode.cpp.cpp; path = main.cpp; sourceTree = "<group>"; };
		DB0A9CCD1727F4B7004AB293 /* menu.cpp */ = {isa = PBXFileReference; fileEncoding = 4; lastKnownFileType = sourcecode.cpp.cpp; path = menu.cpp; sourceTree = "<group>"; };
		DB0A9CCE1727F4B7004AB293 /* menu.h */ = {isa = PBXFileReference; fileEncoding = 4; lastKnownFileType = sourcecode.c.h; path = menu.h; sourceTree = "<group>"; };
		DB0A9CDE1727F532004AB293 /* session.cpp */ = {isa = PBXFileReference; fileEncoding = 4; lastKnownFileType = sourcecode.cpp.cpp; path = session.cpp; sourceTree = "<group>"; };
		DB0A9CDF1727F532004AB293 /* session.h */ = {isa = PBXFileReference; fileEncoding = 4; lastKnownFileType = sourcecode.c.h; path = session.h; sourceTree = "<group>"; };
		DB0A9D061727F905004AB293 /* application_states.h */ = {isa = PBXFileReference; fileEncoding = 4; lastKnownFileType = sourcecode.c.h; path = application_states.h; sourceTree = "<group>"; };
		DB0A9D071727F905004AB293 /* application.cpp */ = {isa = PBXFileReference; fileEncoding = 4; lastKnownFileType = sourcecode.cpp.cpp; path = application.cpp; sourceTree = "<group>"; };
		DB0A9D081727F905004AB293 /* application.h */ = {isa = PBXFileReference; fileEncoding = 4; lastKnownFileType = sourcecode.c.h; path = application.h; sourceTree = "<group>"; };
		DB0A9D2A1727FC11004AB293 /* sound.cpp */ = {isa = PBXFileReference; fileEncoding = 4; lastKnownFileType = sourcecode.cpp.cpp; path = sound.cpp; sourceTree = "<group>"; };
		DB0A9D2B1727FC11004AB293 /* sound.h */ = {isa = PBXFileReference; fileEncoding = 4; lastKnownFileType = sourcecode.c.h; path = sound.h; sourceTree = "<group>"; };
		DB0A9D2F1727FC78004AB293 /* slot.cpp */ = {isa = PBXFileReference; fileEncoding = 4; lastKnownFileType = sourcecode.cpp.cpp; path = slot.cpp; sourceTree = "<group>"; };
		DB0A9D301727FC78004AB293 /* slot.h */ = {isa = PBXFileReference; fileEncoding = 4; lastKnownFileType = sourcecode.c.h; path = slot.h; sourceTree = "<group>"; };
		DB0A9D341727FD03004AB293 /* sfml-audio.framework */ = {isa = PBXFileReference; lastKnownFileType = wrapper.framework; name = "sfml-audio.framework"; path = "/Library/Frameworks/sfml-audio.framework"; sourceTree = "<absolute>"; };
		DB0A9D651727FF45004AB293 /* Kick 1.wav */ = {isa = PBXFileReference; lastKnownFileType = audio.wav; name = "Kick 1.wav"; path = "sounds/Kick 1.wav"; sourceTree = "<group>"; };
		DB0A9D661727FF45004AB293 /* Kick 2.wav */ = {isa = PBXFileReference; lastKnownFileType = audio.wav; name = "Kick 2.wav"; path = "sounds/Kick 2.wav"; sourceTree = "<group>"; };
		DB0A9D671727FF45004AB293 /* Kick 3.WAV */ = {isa = PBXFileReference; lastKnownFileType = audio.wav; name = "Kick 3.WAV"; path = "sounds/Kick 3.WAV"; sourceTree = "<group>"; };
		DB0A9D681727FF45004AB293 /* Kick 4.WAV */ = {isa = PBXFileReference; lastKnownFileType = audio.wav; name = "Kick 4.WAV"; path = "sounds/Kick 4.WAV"; sourceTree = "<group>"; };
		DB0A9D691727FF45004AB293 /* Kick 5.WAV */ = {isa = PBXFileReference; lastKnownFileType = audio.wav; name = "Kick 5.WAV"; path = "sounds/Kick 5.WAV"; sourceTree = "<group>"; };
		DB0A9D6A1727FF45004AB293 /* Kick 6.WAV */ = {isa = PBXFileReference; lastKnownFileType = audio.wav; name = "Kick 6.WAV"; path = "sounds/Kick 6.WAV"; sourceTree = "<group>"; };
		DB0A9D6B1727FF45004AB293 /* Kick 7.WAV */ = {isa = PBXFileReference; lastKnownFileType = audio.wav; name = "Kick 7.WAV"; path = "sounds/Kick 7.WAV"; sourceTree = "<group>"; };
		DB0A9D6C1727FF45004AB293 /* Kick 8.WAV */ = {isa = PBXFileReference; lastKnownFileType = audio.wav; name = "Kick 8.WAV"; path = "sounds/Kick 8.WAV"; sourceTree = "<group>"; };
		DB0A9D6D1727FF45004AB293 /* Kick 9.WAV */ = {isa = PBXFileReference; lastKnownFileType = audio.wav; name = "Kick 9.WAV"; path = "sounds/Kick 9.WAV"; sourceTree = "<group>"; };
		DB0A9D6E1727FF45004AB293 /* Kick 10.WAV */ = {isa = PBXFileReference; lastKnownFileType = audio.wav; name = "Kick 10.WAV"; path = "sounds/Kick 10.WAV"; sourceTree = "<group>"; };
		DB0A9D6F1727FF45004AB293 /* Kick 11.WAV */ = {isa = PBXFileReference; lastKnownFileType = audio.wav; name = "Kick 11.WAV"; path = "sounds/Kick 11.WAV"; sourceTree = "<group>"; };
		DB0A9D701727FF45004AB293 /* Kick 12.WAV */ = {isa = PBXFileReference; lastKnownFileType = audio.wav; name = "Kick 12.WAV"; path = "sounds/Kick 12.WAV"; sourceTree = "<group>"; };
		DB0A9D711727FF45004AB293 /* Kick 13.wav */ = {isa = PBXFileReference; lastKnownFileType = audio.wav; name = "Kick 13.wav"; path = "sounds/Kick 13.wav"; sourceTree = "<group>"; };
		DB0A9D721727FF45004AB293 /* Kick 14.WAV */ = {isa = PBXFileReference; lastKnownFileType = audio.wav; name = "Kick 14.WAV"; path = "sounds/Kick 14.WAV"; sourceTree = "<group>"; };
		DB0A9D731727FF45004AB293 /* Kick 15.WAV */ = {isa = PBXFileReference; lastKnownFileType = audio.wav; name = "Kick 15.WAV"; path = "sounds/Kick 15.WAV"; sourceTree = "<group>"; };
		DB0A9D741727FF45004AB293 /* Kick 16.WAV */ = {isa = PBXFileReference; lastKnownFileType = audio.wav; name = "Kick 16.WAV"; path = "sounds/Kick 16.WAV"; sourceTree = "<group>"; };
		DB0A9D751727FF45004AB293 /* Kick 17.WAV */ = {isa = PBXFileReference; lastKnownFileType = audio.wav; name = "Kick 17.WAV"; path = "sounds/Kick 17.WAV"; sourceTree = "<group>"; };
		DB0A9D761727FF45004AB293 /* Kick 18.WAV */ = {isa = PBXFileReference; lastKnownFileType = audio.wav; name = "Kick 18.WAV"; path = "sounds/Kick 18.WAV"; sourceTree = "<group>"; };
		DB0A9D771727FF45004AB293 /* Kick 19.WAV */ = {isa = PBXFileReference; lastKnownFileType = audio.wav; name = "Kick 19.WAV"; path = "sounds/Kick 19.WAV"; sourceTree = "<group>"; };
		DB0A9D781727FF45004AB293 /* Kick 20.WAV */ = {isa = PBXFileReference; lastKnownFileType = audio.wav; name = "Kick 20.WAV"; path = "sounds/Kick 20.WAV"; sourceTree = "<group>"; };
		DB0A9D791727FF45004AB293 /* Kick 21.WAV */ = {isa = PBXFileReference; lastKnownFileType = audio.wav; name = "Kick 21.WAV"; path = "sounds/Kick 21.WAV"; sourceTree = "<group>"; };
		DB0A9D7A1727FF45004AB293 /* Kick 22.WAV */ = {isa = PBXFileReference; lastKnownFileType = audio.wav; name = "Kick 22.WAV"; path = "sounds/Kick 22.WAV"; sourceTree = "<group>"; };
		DB0A9D7B1727FF45004AB293 /* Kick 23.WAV */ = {isa = PBXFileReference; lastKnownFileType = audio.wav; name = "Kick 23.WAV"; path = "sounds/Kick 23.WAV"; sourceTree = "<group>"; };
		DB0A9D7C1727FF45004AB293 /* Kick 24.wav */ = {isa = PBXFileReference; lastKnownFileType = audio.wav; name = "Kick 24.wav"; path = "sounds/Kick 24.wav"; sourceTree = "<group>"; };
		DB0A9D7D1727FF45004AB293 /* Kick 25.WAV */ = {isa = PBXFileReference; lastKnownFileType = audio.wav; name = "Kick 25.WAV"; path = "sounds/Kick 25.WAV"; sourceTree = "<group>"; };
		DB0A9D7E1727FF45004AB293 /* Kick 26.WAV */ = {isa = PBXFileReference; lastKnownFileType = audio.wav; name = "Kick 26.WAV"; path = "sounds/Kick 26.WAV"; sourceTree = "<group>"; };
		DB0A9D7F1727FF45004AB293 /* Kick 27.WAV */ = {isa = PBXFileReference; lastKnownFileType = audio.wav; name = "Kick 27.WAV"; path = "sounds/Kick 27.WAV"; sourceTree = "<group>"; };
		DB0A9D801727FF45004AB293 /* Kick 28.WAV */ = {isa = PBXFileReference; lastKnownFileType = audio.wav; name = "Kick 28.WAV"; path = "sounds/Kick 28.WAV"; sourceTree = "<group>"; };
		DB0A9D811727FF45004AB293 /* Kick 29.WAV */ = {isa = PBXFileReference; lastKnownFileType = audio.wav; name = "Kick 29.WAV"; path = "sounds/Kick 29.WAV"; sourceTree = "<group>"; };
		DB0A9D821727FF45004AB293 /* Kick 30.WAV */ = {isa = PBXFileReference; lastKnownFileType = audio.wav; name = "Kick 30.WAV"; path = "sounds/Kick 30.WAV"; sourceTree = "<group>"; };
		DB0A9D831727FF45004AB293 /* Kick 31.WAV */ = {isa = PBXFileReference; lastKnownFileType = audio.wav; name = "Kick 31.WAV"; path = "sounds/Kick 31.WAV"; sourceTree = "<group>"; };
		DB0A9D841727FF45004AB293 /* Kick 32.WAV */ = {isa = PBXFileReference; lastKnownFileType = audio.wav; name = "Kick 32.WAV"; path = "sounds/Kick 32.WAV"; sourceTree = "<group>"; };
		DB0A9D851727FF45004AB293 /* Kick 33.WAV */ = {isa = PBXFileReference; lastKnownFileType = audio.wav; name = "Kick 33.WAV"; path = "sounds/Kick 33.WAV"; sourceTree = "<group>"; };
		DB0A9D861727FF45004AB293 /* Kick 34.WAV */ = {isa = PBXFileReference; lastKnownFileType = audio.wav; name = "Kick 34.WAV"; path = "sounds/Kick 34.WAV"; sourceTree = "<group>"; };
		DB0A9D871727FF45004AB293 /* Kick 35.wav */ = {isa = PBXFileReference; lastKnownFileType = audio.wav; name = "Kick 35.wav"; path = "sounds/Kick 35.wav"; sourceTree = "<group>"; };
		DB0A9D881727FF45004AB293 /* Kick 36.WAV */ = {isa = PBXFileReference; lastKnownFileType = audio.wav; name = "Kick 36.WAV"; path = "sounds/Kick 36.WAV"; sourceTree = "<group>"; };
		DB0A9D891727FF45004AB293 /* Kick 37.WAV */ = {isa = PBXFileReference; lastKnownFileType = audio.wav; name = "Kick 37.WAV"; path = "sounds/Kick 37.WAV"; sourceTree = "<group>"; };
		DB0A9D8A1727FF45004AB293 /* Kick 38.WAV */ = {isa = PBXFileReference; lastKnownFileType = audio.wav; name = "Kick 38.WAV"; path = "sounds/Kick 38.WAV"; sourceTree = "<group>"; };
		DB0A9D8B1727FF45004AB293 /* Kick 39.WAV */ = {isa = PBXFileReference; lastKnownFileType = audio.wav; name = "Kick 39.WAV"; path = "sounds/Kick 39.WAV"; sourceTree = "<group>"; };
		DB0A9D8C1727FF45004AB293 /* Kick 40.WAV */ = {isa = PBXFileReference; lastKnownFileType = audio.wav; name = "Kick 40.WAV"; path = "sounds/Kick 40.WAV"; sourceTree = "<group>"; };
		DB0A9D8D1727FF45004AB293 /* Kick 41.WAV */ = {isa = PBXFileReference; lastKnownFileType = audio.wav; name = "Kick 41.WAV"; path = "sounds/Kick 41.WAV"; sourceTree = "<group>"; };
		DB0A9D8E1727FF45004AB293 /* Kick 42.WAV */ = {isa = PBXFileReference; lastKnownFileType = audio.wav; name = "Kick 42.WAV"; path = "sounds/Kick 42.WAV"; sourceTree = "<group>"; };
		DB0A9D8F1727FF45004AB293 /* Kick 43.wav */ = {isa = PBXFileReference; lastKnownFileType = audio.wav; name = "Kick 43.wav"; path = "sounds/Kick 43.wav"; sourceTree = "<group>"; };
		DB0A9D901727FF45004AB293 /* Kick 44.wav */ = {isa = PBXFileReference; lastKnownFileType = audio.wav; name = "Kick 44.wav"; path = "sounds/Kick 44.wav"; sourceTree = "<group>"; };
		DB0A9D911727FF45004AB293 /* Kick 45.WAV */ = {isa = PBXFileReference; lastKnownFileType = audio.wav; name = "Kick 45.WAV"; path = "sounds/Kick 45.WAV"; sourceTree = "<group>"; };
		DB0A9D921727FF45004AB293 /* Kick 46.wav */ = {isa = PBXFileReference; lastKnownFileType = audio.wav; name = "Kick 46.wav"; path = "sounds/Kick 46.wav"; sourceTree = "<group>"; };
		DB0A9D931727FF45004AB293 /* Kick 47.WAV */ = {isa = PBXFileReference; lastKnownFileType = audio.wav; name = "Kick 47.WAV"; path = "sounds/Kick 47.WAV"; sourceTree = "<group>"; };
		DB0A9D941727FF45004AB293 /* Kick 48.WAV */ = {isa = PBXFileReference; lastKnownFileType = audio.wav; name = "Kick 48.WAV"; path = "sounds/Kick 48.WAV"; sourceTree = "<group>"; };
		DB0A9D951727FF45004AB293 /* Kick 49.WAV */ = {isa = PBXFileReference; lastKnownFileType = audio.wav; name = "Kick 49.WAV"; path = "sounds/Kick 49.WAV"; sourceTree = "<group>"; };
		DB0A9D961727FF45004AB293 /* Kick 50.WAV */ = {isa = PBXFileReference; lastKnownFileType = audio.wav; name = "Kick 50.WAV"; path = "sounds/Kick 50.WAV"; sourceTree = "<group>"; };
		DB0A9D971727FF45004AB293 /* Kick 51.WAV */ = {isa = PBXFileReference; lastKnownFileType = audio.wav; name = "Kick 51.WAV"; path = "sounds/Kick 51.WAV"; sourceTree = "<group>"; };
		DB0A9D981727FF45004AB293 /* Kick 52.WAV */ = {isa = PBXFileReference; lastKnownFileType = audio.wav; name = "Kick 52.WAV"; path = "sounds/Kick 52.WAV"; sourceTree = "<group>"; };
		DB0A9D991727FF45004AB293 /* Kick 53.wav */ = {isa = PBXFileReference; lastKnownFileType = audio.wav; name = "Kick 53.wav"; path = "sounds/Kick 53.wav"; sourceTree = "<group>"; };
		DB0A9D9A1727FF45004AB293 /* Kick 54.wav */ = {isa = PBXFileReference; lastKnownFileType = audio.wav; name = "Kick 54.wav"; path = "sounds/Kick 54.wav"; sourceTree = "<group>"; };
		DB0A9D9B1727FF45004AB293 /* Kick 55.wav */ = {isa = PBXFileReference; lastKnownFileType = audio.wav; name = "Kick 55.wav"; path = "sounds/Kick 55.wav"; sourceTree = "<group>"; };
		DB0A9D9C1727FF45004AB293 /* Kick 56.WAV */ = {isa = PBXFileReference; lastKnownFileType = audio.wav; name = "Kick 56.WAV"; path = "sounds/Kick 56.WAV"; sourceTree = "<group>"; };
		DB0A9D9D1727FF45004AB293 /* Kick 57.wav */ = {isa = PBXFileReference; lastKnownFileType = audio.wav; name = "Kick 57.wav"; path = "sounds/Kick 57.wav"; sourceTree = "<group>"; };
		DB0A9D9E1727FF45004AB293 /* Kick 58.WAV */ = {isa = PBXFileReference; lastKnownFileType = audio.wav; name = "Kick 58.WAV"; path = "sounds/Kick 58.WAV"; sourceTree = "<group>"; };
		DB0A9D9F1727FF45004AB293 /* Kick 59.WAV */ = {isa = PBXFileReference; lastKnownFileType = audio.wav; name = "Kick 59.WAV"; path = "sounds/Kick 59.WAV"; sourceTree = "<group>"; };
		DB0A9DA01727FF45004AB293 /* Kick 60.WAV */ = {isa = PBXFileReference; lastKnownFileType = audio.wav; name = "Kick 60.WAV"; path = "sounds/Kick 60.WAV"; sourceTree = "<group>"; };
		DB0A9DA11727FF45004AB293 /* Kick 61.WAV */ = {isa = PBXFileReference; lastKnownFileType = audio.wav; name = "Kick 61.WAV"; path = "sounds/Kick 61.WAV"; sourceTree = "<group>"; };
		DB0A9DA21727FF45004AB293 /* Kick 62.WAV */ = {isa = PBXFileReference; lastKnownFileType = audio.wav; name = "Kick 62.WAV"; path = "sounds/Kick 62.WAV"; sourceTree = "<group>"; };
		DB0A9DA31727FF45004AB293 /* Kick 63.WAV */ = {isa = PBXFileReference; lastKnownFileType = audio.wav; name = "Kick 63.WAV"; path = "sounds/Kick 63.WAV"; sourceTree = "<group>"; };
		DB0A9DA41727FF45004AB293 /* Kick 64.WAV */ = {isa = PBXFileReference; lastKnownFileType = audio.wav; name = "Kick 64.WAV"; path = "sounds/Kick 64.WAV"; sourceTree = "<group>"; };
		DB0A9DA51727FF45004AB293 /* Kick 65.wav */ = {isa = PBXFileReference; lastKnownFileType = audio.wav; name = "Kick 65.wav"; path = "sounds/Kick 65.wav"; sourceTree = "<group>"; };
		DB0A9DA61727FF45004AB293 /* Kick 66.wav */ = {isa = PBXFileReference; lastKnownFileType = audio.wav; name = "Kick 66.wav"; path = "sounds/Kick 66.wav"; sourceTree = "<group>"; };
		DB0A9DA71727FF45004AB293 /* Kick 67.wav */ = {isa = PBXFileReference; lastKnownFileType = audio.wav; name = "Kick 67.wav"; path = "sounds/Kick 67.wav"; sourceTree = "<group>"; };
		DB0A9DA81727FF45004AB293 /* Kick 68.wav */ = {isa = PBXFileReference; lastKnownFileType = audio.wav; name = "Kick 68.wav"; path = "sounds/Kick 68.wav"; sourceTree = "<group>"; };
		DB0A9DA91727FF45004AB293 /* Kick 69.wav */ = {isa = PBXFileReference; lastKnownFileType = audio.wav; name = "Kick 69.wav"; path = "sounds/Kick 69.wav"; sourceTree = "<group>"; };
		DB0A9DAA1727FF45004AB293 /* Kick 70.wav */ = {isa = PBXFileReference; lastKnownFileType = audio.wav; name = "Kick 70.wav"; path = "sounds/Kick 70.wav"; sourceTree = "<group>"; };
		DB0A9DAB1727FF45004AB293 /* Kick 71.wav */ = {isa = PBXFileReference; lastKnownFileType = audio.wav; name = "Kick 71.wav"; path = "sounds/Kick 71.wav"; sourceTree = "<group>"; };
		DB0A9DAC1727FF45004AB293 /* Kick 72.wav */ = {isa = PBXFileReference; lastKnownFileType = audio.wav; name = "Kick 72.wav"; path = "sounds/Kick 72.wav"; sourceTree = "<group>"; };
		DB0A9DAD1727FF45004AB293 /* Kick 73.wav */ = {isa = PBXFileReference; lastKnownFileType = audio.wav; name = "Kick 73.wav"; path = "sounds/Kick 73.wav"; sourceTree = "<group>"; };
		DB0A9DAE1727FF45004AB293 /* Kick 74.wav */ = {isa = PBXFileReference; lastKnownFileType = audio.wav; name = "Kick 74.wav"; path = "sounds/Kick 74.wav"; sourceTree = "<group>"; };
		DB0A9DAF1727FF45004AB293 /* Kick 75.wav */ = {isa = PBXFileReference; lastKnownFileType = audio.wav; name = "Kick 75.wav"; path = "sounds/Kick 75.wav"; sourceTree = "<group>"; };
		DB0A9DB01727FF45004AB293 /* Kick 76.wav */ = {isa = PBXFileReference; lastKnownFileType = audio.wav; name = "Kick 76.wav"; path = "sounds/Kick 76.wav"; sourceTree = "<group>"; };
		DB0A9DB11727FF45004AB293 /* Kick 77.wav */ = {isa = PBXFileReference; lastKnownFileType = audio.wav; name = "Kick 77.wav"; path = "sounds/Kick 77.wav"; sourceTree = "<group>"; };
		DB0A9DB21727FF45004AB293 /* Kick 78.wav */ = {isa = PBXFileReference; lastKnownFileType = audio.wav; name = "Kick 78.wav"; path = "sounds/Kick 78.wav"; sourceTree = "<group>"; };
		DB0A9DB31727FF45004AB293 /* Kick 79.wav */ = {isa = PBXFileReference; lastKnownFileType = audio.wav; name = "Kick 79.wav"; path = "sounds/Kick 79.wav"; sourceTree = "<group>"; };
		DB0A9DB41727FF45004AB293 /* Kick 80.wav */ = {isa = PBXFileReference; lastKnownFileType = audio.wav; name = "Kick 80.wav"; path = "sounds/Kick 80.wav"; sourceTree = "<group>"; };
		DB0A9DB51727FF45004AB293 /* Kick 81.wav */ = {isa = PBXFileReference; lastKnownFileType = audio.wav; name = "Kick 81.wav"; path = "sounds/Kick 81.wav"; sourceTree = "<group>"; };
		DB0A9DB61727FF45004AB293 /* Kick 82.wav */ = {isa = PBXFileReference; lastKnownFileType = audio.wav; name = "Kick 82.wav"; path = "sounds/Kick 82.wav"; sourceTree = "<group>"; };
		DB0A9DB71727FF45004AB293 /* Kick 83.wav */ = {isa = PBXFileReference; lastKnownFileType = audio.wav; name = "Kick 83.wav"; path = "sounds/Kick 83.wav"; sourceTree = "<group>"; };
		DB0A9DB81727FF45004AB293 /* Kick 84.wav */ = {isa = PBXFileReference; lastKnownFileType = audio.wav; name = "Kick 84.wav"; path = "sounds/Kick 84.wav"; sourceTree = "<group>"; };
		DB0A9DB91727FF45004AB293 /* Kick 85.wav */ = {isa = PBXFileReference; lastKnownFileType = audio.wav; name = "Kick 85.wav"; path = "sounds/Kick 85.wav"; sourceTree = "<group>"; };
		DB0A9DBA1727FF45004AB293 /* Kick 86.wav */ = {isa = PBXFileReference; lastKnownFileType = audio.wav; name = "Kick 86.wav"; path = "sounds/Kick 86.wav"; sourceTree = "<group>"; };
		DB0A9DBB1727FF45004AB293 /* Kick 87.wav */ = {isa = PBXFileReference; lastKnownFileType = audio.wav; name = "Kick 87.wav"; path = "sounds/Kick 87.wav"; sourceTree = "<group>"; };
		DB0A9DBC1727FF45004AB293 /* Kick 88.wav */ = {isa = PBXFileReference; lastKnownFileType = audio.wav; name = "Kick 88.wav"; path = "sounds/Kick 88.wav"; sourceTree = "<group>"; };
		DB0A9DBD1727FF45004AB293 /* Kick 89.wav */ = {isa = PBXFileReference; lastKnownFileType = audio.wav; name = "Kick 89.wav"; path = "sounds/Kick 89.wav"; sourceTree = "<group>"; };
		DB0A9DBE1727FF45004AB293 /* Kick 90.wav */ = {isa = PBXFileReference; lastKnownFileType = audio.wav; name = "Kick 90.wav"; path = "sounds/Kick 90.wav"; sourceTree = "<group>"; };
		DB0A9DBF1727FF45004AB293 /* Kick 91.wav */ = {isa = PBXFileReference; lastKnownFileType = audio.wav; name = "Kick 91.wav"; path = "sounds/Kick 91.wav"; sourceTree = "<group>"; };
		DB0A9DC01727FF45004AB293 /* Kick 92.wav */ = {isa = PBXFileReference; lastKnownFileType = audio.wav; name = "Kick 92.wav"; path = "sounds/Kick 92.wav"; sourceTree = "<group>"; };
		DB0A9DC11727FF45004AB293 /* Kick 93.wav */ = {isa = PBXFileReference; lastKnownFileType = audio.wav; name = "Kick 93.wav"; path = "sounds/Kick 93.wav"; sourceTree = "<group>"; };
		DB0A9DC21727FF45004AB293 /* Kick 94.wav */ = {isa = PBXFileReference; lastKnownFileType = audio.wav; name = "Kick 94.wav"; path = "sounds/Kick 94.wav"; sourceTree = "<group>"; };
		DB0A9DC31727FF45004AB293 /* Kick 95.wav */ = {isa = PBXFileReference; lastKnownFileType = audio.wav; name = "Kick 95.wav"; path = "sounds/Kick 95.wav"; sourceTree = "<group>"; };
		DB0A9DC41727FF45004AB293 /* Kick 96.wav */ = {isa = PBXFileReference; lastKnownFileType = audio.wav; name = "Kick 96.wav"; path = "sounds/Kick 96.wav"; sourceTree = "<group>"; };
		DB0A9DC51727FF45004AB293 /* Kick 97.wav */ = {isa = PBXFileReference; lastKnownFileType = audio.wav; name = "Kick 97.wav"; path = "sounds/Kick 97.wav"; sourceTree = "<group>"; };
		DB0A9DC61727FF45004AB293 /* Kick 98.wav */ = {isa = PBXFileReference; lastKnownFileType = audio.wav; name = "Kick 98.wav"; path = "sounds/Kick 98.wav"; sourceTree = "<group>"; };
		DB0A9DC71727FF45004AB293 /* Kick 99.wav */ = {isa = PBXFileReference; lastKnownFileType = audio.wav; name = "Kick 99.wav"; path = "sounds/Kick 99.wav"; sourceTree = "<group>"; };
		DB0A9DC81727FF45004AB293 /* Kick 100.wav */ = {isa = PBXFileReference; lastKnownFileType = audio.wav; name = "Kick 100.wav"; path = "sounds/Kick 100.wav"; sourceTree = "<group>"; };
		DB0A9DC91727FF45004AB293 /* Kick 101.wav */ = {isa = PBXFileReference; lastKnownFileType = audio.wav; name = "Kick 101.wav"; path = "sounds/Kick 101.wav"; sourceTree = "<group>"; };
		DB0A9DCA1727FF45004AB293 /* Kick 102.wav */ = {isa = PBXFileReference; lastKnownFileType = audio.wav; name = "Kick 102.wav"; path = "sounds/Kick 102.wav"; sourceTree = "<group>"; };
		DB0A9DCB1727FF45004AB293 /* Kick 103.wav */ = {isa = PBXFileReference; lastKnownFileType = audio.wav; name = "Kick 103.wav"; path = "sounds/Kick 103.wav"; sourceTree = "<group>"; };
		DB0A9DCC1727FF45004AB293 /* Kick 104.wav */ = {isa = PBXFileReference; lastKnownFileType = audio.wav; name = "Kick 104.wav"; path = "sounds/Kick 104.wav"; sourceTree = "<group>"; };
		DB0A9DCD1727FF45004AB293 /* Kick 105.wav */ = {isa = PBXFileReference; lastKnownFileType = audio.wav; name = "Kick 105.wav"; path = "sounds/Kick 105.wav"; sourceTree = "<group>"; };
		DB0A9DCE1727FF45004AB293 /* Kick 106.wav */ = {isa = PBXFileReference; lastKnownFileType = audio.wav; name = "Kick 106.wav"; path = "sounds/Kick 106.wav"; sourceTree = "<group>"; };
		DB0A9DCF1727FF45004AB293 /* Kick 107.wav */ = {isa = PBXFileReference; lastKnownFileType = audio.wav; name = "Kick 107.wav"; path = "sounds/Kick 107.wav"; sourceTree = "<group>"; };
		DB0A9DD01727FF45004AB293 /* Kick 108.wav */ = {isa = PBXFileReference; lastKnownFileType = audio.wav; name = "Kick 108.wav"; path = "sounds/Kick 108.wav"; sourceTree = "<group>"; };
		DB0A9DD11727FF45004AB293 /* Kick 109.wav */ = {isa = PBXFileReference; lastKnownFileType = audio.wav; name = "Kick 109.wav"; path = "sounds/Kick 109.wav"; sourceTree = "<group>"; };
		DB0A9DD21727FF45004AB293 /* Kick 110.wav */ = {isa = PBXFileReference; lastKnownFileType = audio.wav; name = "Kick 110.wav"; path = "sounds/Kick 110.wav"; sourceTree = "<group>"; };
		DB0A9DD31727FF45004AB293 /* Kick 111.wav */ = {isa = PBXFileReference; lastKnownFileType = audio.wav; name = "Kick 111.wav"; path = "sounds/Kick 111.wav"; sourceTree = "<group>"; };
		DB0A9DD41727FF45004AB293 /* Kick 112.wav */ = {isa = PBXFileReference; lastKnownFileType = audio.wav; name = "Kick 112.wav"; path = "sounds/Kick 112.wav"; sourceTree = "<group>"; };
		DB0A9DD51727FF45004AB293 /* Kick 113.wav */ = {isa = PBXFileReference; lastKnownFileType = audio.wav; name = "Kick 113.wav"; path = "sounds/Kick 113.wav"; sourceTree = "<group>"; };
		DB0A9DD61727FF45004AB293 /* Kick 114.wav */ = {isa = PBXFileReference; lastKnownFileType = audio.wav; name = "Kick 114.wav"; path = "sounds/Kick 114.wav"; sourceTree = "<group>"; };
		DB0A9DD71727FF45004AB293 /* Kick 115.wav */ = {isa = PBXFileReference; lastKnownFileType = audio.wav; name = "Kick 115.wav"; path = "sounds/Kick 115.wav"; sourceTree = "<group>"; };
		DB0A9DD81727FF45004AB293 /* Kick 116.wav */ = {isa = PBXFileReference; lastKnownFileType = audio.wav; name = "Kick 116.wav"; path = "sounds/Kick 116.wav"; sourceTree = "<group>"; };
		DB0A9DD91727FF45004AB293 /* Kick 117.wav */ = {isa = PBXFileReference; lastKnownFileType = audio.wav; name = "Kick 117.wav"; path = "sounds/Kick 117.wav"; sourceTree = "<group>"; };
		DB0A9DDA1727FF45004AB293 /* Kick 118.wav */ = {isa = PBXFileReference; lastKnownFileType = audio.wav; name = "Kick 118.wav"; path = "sounds/Kick 118.wav"; sourceTree = "<group>"; };
		DB0A9DDB1727FF45004AB293 /* Kick 119.wav */ = {isa = PBXFileReference; lastKnownFileType = audio.wav; name = "Kick 119.wav"; path = "sounds/Kick 119.wav"; sourceTree = "<group>"; };
		DB0A9DDC1727FF45004AB293 /* Kick 120.wav */ = {isa = PBXFileReference; lastKnownFileType = audio.wav; name = "Kick 120.wav"; path = "sounds/Kick 120.wav"; sourceTree = "<group>"; };
		DB0A9DDD1727FF45004AB293 /* Kick 121.wav */ = {isa = PBXFileReference; lastKnownFileType = audio.wav; name = "Kick 121.wav"; path = "sounds/Kick 121.wav"; sourceTree = "<group>"; };
		DB0A9DDE1727FF45004AB293 /* Kick 122.wav */ = {isa = PBXFileReference; lastKnownFileType = audio.wav; name = "Kick 122.wav"; path = "sounds/Kick 122.wav"; sourceTree = "<group>"; };
		DB0A9DDF1727FF45004AB293 /* Kick 123.wav */ = {isa = PBXFileReference; lastKnownFileType = audio.wav; name = "Kick 123.wav"; path = "sounds/Kick 123.wav"; sourceTree = "<group>"; };
		DB0A9DE01727FF45004AB293 /* Kick 124.wav */ = {isa = PBXFileReference; lastKnownFileType = audio.wav; name = "Kick 124.wav"; path = "sounds/Kick 124.wav"; sourceTree = "<group>"; };
		DB0A9DE11727FF45004AB293 /* Kick 125.wav */ = {isa = PBXFileReference; lastKnownFileType = audio.wav; name = "Kick 125.wav"; path = "sounds/Kick 125.wav"; sourceTree = "<group>"; };
		DB0A9DE21727FF45004AB293 /* Kick 126.wav */ = {isa = PBXFileReference; lastKnownFileType = audio.wav; name = "Kick 126.wav"; path = "sounds/Kick 126.wav"; sourceTree = "<group>"; };
		DB0A9DE31727FF45004AB293 /* Kick 127.wav */ = {isa = PBXFileReference; lastKnownFileType = audio.wav; name = "Kick 127.wav"; path = "sounds/Kick 127.wav"; sourceTree = "<group>"; };
		DB0A9DE41727FF45004AB293 /* Kick 128.wav */ = {isa = PBXFileReference; lastKnownFileType = audio.wav; name = "Kick 128.wav"; path = "sounds/Kick 128.wav"; sourceTree = "<group>"; };
		DB0A9DE51727FF45004AB293 /* Kick 129.wav */ = {isa = PBXFileReference; lastKnownFileType = audio.wav; name = "Kick 129.wav"; path = "sounds/Kick 129.wav"; sourceTree = "<group>"; };
		DB0A9DE61727FF45004AB293 /* Kick 130.wav */ = {isa = PBXFileReference; lastKnownFileType = audio.wav; name = "Kick 130.wav"; path = "sounds/Kick 130.wav"; sourceTree = "<group>"; };
		DB0A9DE71727FF45004AB293 /* Kick 131.wav */ = {isa = PBXFileReference; lastKnownFileType = audio.wav; name = "Kick 131.wav"; path = "sounds/Kick 131.wav"; sourceTree = "<group>"; };
		DB0A9DE81727FF45004AB293 /* Kick 132.wav */ = {isa = PBXFileReference; lastKnownFileType = audio.wav; name = "Kick 132.wav"; path = "sounds/Kick 132.wav"; sourceTree = "<group>"; };
		DB0A9DE91727FF45004AB293 /* Kick 133.wav */ = {isa = PBXFileReference; lastKnownFileType = audio.wav; name = "Kick 133.wav"; path = "sounds/Kick 133.wav"; sourceTree = "<group>"; };
		DB0A9DEA1727FF45004AB293 /* Kick 134.wav */ = {isa = PBXFileReference; lastKnownFileType = audio.wav; name = "Kick 134.wav"; path = "sounds/Kick 134.wav"; sourceTree = "<group>"; };
		DB0A9DEB1727FF45004AB293 /* Kick 135.wav */ = {isa = PBXFileReference; lastKnownFileType = audio.wav; name = "Kick 135.wav"; path = "sounds/Kick 135.wav"; sourceTree = "<group>"; };
		DB0A9DEC1727FF45004AB293 /* Kick 136.wav */ = {isa = PBXFileReference; lastKnownFileType = audio.wav; name = "Kick 136.wav"; path = "sounds/Kick 136.wav"; sourceTree = "<group>"; };
		DB0A9DED1727FF45004AB293 /* Kick 137.wav */ = {isa = PBXFileReference; lastKnownFileType = audio.wav; name = "Kick 137.wav"; path = "sounds/Kick 137.wav"; sourceTree = "<group>"; };
		DB0A9DEE1727FF45004AB293 /* Kick 138.wav */ = {isa = PBXFileReference; lastKnownFileType = audio.wav; name = "Kick 138.wav"; path = "sounds/Kick 138.wav"; sourceTree = "<group>"; };
		DB0A9DEF1727FF45004AB293 /* Kick 139.wav */ = {isa = PBXFileReference; lastKnownFileType = audio.wav; name = "Kick 139.wav"; path = "sounds/Kick 139.wav"; sourceTree = "<group>"; };
		DB0A9DF01727FF45004AB293 /* Kick 140.wav */ = {isa = PBXFileReference; lastKnownFileType = audio.wav; name = "Kick 140.wav"; path = "sounds/Kick 140.wav"; sourceTree = "<group>"; };
		DB0A9DF11727FF45004AB293 /* Kick 141.wav */ = {isa = PBXFileReference; lastKnownFileType = audio.wav; name = "Kick 141.wav"; path = "sounds/Kick 141.wav"; sourceTree = "<group>"; };
		DB0A9DF21727FF45004AB293 /* Kick 142.WAV */ = {isa = PBXFileReference; lastKnownFileType = audio.wav; name = "Kick 142.WAV"; path = "sounds/Kick 142.WAV"; sourceTree = "<group>"; };
		DB0A9DF31727FF45004AB293 /* Kick 143.wav */ = {isa = PBXFileReference; lastKnownFileType = audio.wav; name = "Kick 143.wav"; path = "sounds/Kick 143.wav"; sourceTree = "<group>"; };
		DB0A9DF41727FF45004AB293 /* Kick 144.wav */ = {isa = PBXFileReference; lastKnownFileType = audio.wav; name = "Kick 144.wav"; path = "sounds/Kick 144.wav"; sourceTree = "<group>"; };
		DB0A9DF51727FF45004AB293 /* Kick 145.WAV */ = {isa = PBXFileReference; lastKnownFileType = audio.wav; name = "Kick 145.WAV"; path = "sounds/Kick 145.WAV"; sourceTree = "<group>"; };
		DB0A9DF61727FF45004AB293 /* Kick 146.WAV */ = {isa = PBXFileReference; lastKnownFileType = audio.wav; name = "Kick 146.WAV"; path = "sounds/Kick 146.WAV"; sourceTree = "<group>"; };
		DB0A9DF71727FF45004AB293 /* Kick 147.wav */ = {isa = PBXFileReference; lastKnownFileType = audio.wav; name = "Kick 147.wav"; path = "sounds/Kick 147.wav"; sourceTree = "<group>"; };
		DB0A9DF81727FF45004AB293 /* Kick 148.wav */ = {isa = PBXFileReference; lastKnownFileType = audio.wav; name = "Kick 148.wav"; path = "sounds/Kick 148.wav"; sourceTree = "<group>"; };
		DB0A9DF91727FF45004AB293 /* Kick 149.WAV */ = {isa = PBXFileReference; lastKnownFileType = audio.wav; name = "Kick 149.WAV"; path = "sounds/Kick 149.WAV"; sourceTree = "<group>"; };
		DB0A9DFA1727FF45004AB293 /* Kick 150.wav */ = {isa = PBXFileReference; lastKnownFileType = audio.wav; name = "Kick 150.wav"; path = "sounds/Kick 150.wav"; sourceTree = "<group>"; };
		DB0A9DFB1727FF45004AB293 /* Kick 151.wav */ = {isa = PBXFileReference; lastKnownFileType = audio.wav; name = "Kick 151.wav"; path = "sounds/Kick 151.wav"; sourceTree = "<group>"; };
		DB0A9DFC1727FF45004AB293 /* Kick 152.wav */ = {isa = PBXFileReference; lastKnownFileType = audio.wav; name = "Kick 152.wav"; path = "sounds/Kick 152.wav"; sourceTree = "<group>"; };
		DB0A9DFD1727FF45004AB293 /* Kick 153.WAV */ = {isa = PBXFileReference; lastKnownFileType = audio.wav; name = "Kick 153.WAV"; path = "sounds/Kick 153.WAV"; sourceTree = "<group>"; };
		DB0A9DFE1727FF45004AB293 /* Kick 154.wav */ = {isa = PBXFileReference; lastKnownFileType = audio.wav; name = "Kick 154.wav"; path = "sounds/Kick 154.wav"; sourceTree = "<group>"; };
		DB0A9DFF1727FF45004AB293 /* Kick 155.wav */ = {isa = PBXFileReference; lastKnownFileType = audio.wav; name = "Kick 155.wav"; path = "sounds/Kick 155.wav"; sourceTree = "<group>"; };
		DB0A9E001727FF45004AB293 /* Kick 156.WAV */ = {isa = PBXFileReference; lastKnownFileType = audio.wav; name = "Kick 156.WAV"; path = "sounds/Kick 156.WAV"; sourceTree = "<group>"; };
		DB0A9E011727FF45004AB293 /* Kick 157.WAV */ = {isa = PBXFileReference; lastKnownFileType = audio.wav; name = "Kick 157.WAV"; path = "sounds/Kick 157.WAV"; sourceTree = "<group>"; };
		DB0A9E021727FF45004AB293 /* Kick 158.wav */ = {isa = PBXFileReference; lastKnownFileType = audio.wav; name = "Kick 158.wav"; path = "sounds/Kick 158.wav"; sourceTree = "<group>"; };
		DB0A9EA1172803C1004AB293 /* background.jpg */ = {isa = PBXFileReference; lastKnownFileType = image.jpeg; name = background.jpg; path = images/background.jpg; sourceTree = "<group>"; };
		DB0A9EA2172803C1004AB293 /* button.jpg */ = {isa = PBXFileReference; lastKnownFileType = image.jpeg; name = button.jpg; path = images/button.jpg; sourceTree = "<group>"; };
/* End PBXFileReference section */

/* Begin PBXFrameworksBuildPhase section */
		A01FB6A70F07CF6E000AAC7B /* Frameworks */ = {
			isa = PBXFrameworksBuildPhase;
			buildActionMask = 2147483647;
			files = (
				A01FB6CE0F07CFF2000AAC7B /* sfml-graphics.framework in Frameworks */,
				A01FB6CF0F07CFF2000AAC7B /* sfml-system.framework in Frameworks */,
				A01FB6D00F07CFF2000AAC7B /* sfml-window.framework in Frameworks */,
				DB0A9D351727FD03004AB293 /* sfml-audio.framework in Frameworks */,
			);
			runOnlyForDeploymentPostprocessing = 0;
		};
/* End PBXFrameworksBuildPhase section */

/* Begin PBXGroup section */
		A01FB69A0F07CF63000AAC7B = {
			isa = PBXGroup;
			children = (
				DB0A9D301727FC78004AB293 /* slot.h */,
				DB0A9D2F1727FC78004AB293 /* slot.cpp */,
				DB0A9CDF1727F532004AB293 /* session.h */,
				DB0A9CDE1727F532004AB293 /* session.cpp */,
				DB0A9D3D1727FE1C004AB293 /* sound */,
				DB0A9D381727FD81004AB293 /* system */,
				A01FB6B10F07CF7C000AAC7B /* Resources */,
				A01FB6B00F07CF75000AAC7B /* Frameworks */,
				A01FB6AA0F07CF6E000AAC7B /* Products */,
			);
			sourceTree = "<group>";
		};
		A01FB6AA0F07CF6E000AAC7B /* Products */ = {
			isa = PBXGroup;
			children = (
				A01FB6A90F07CF6E000AAC7B /* Stepilicious.app */,
			);
			name = Products;
			sourceTree = "<group>";
		};
		A01FB6B00F07CF75000AAC7B /* Frameworks */ = {
			isa = PBXGroup;
			children = (
				A01FB6CD0F07CFF2000AAC7B /* SFML.framework */,
				A01FB6CB0F07CFF2000AAC7B /* sfml-system.framework */,
				A01FB6CC0F07CFF2000AAC7B /* sfml-window.framework */,
				A01FB6CA0F07CFF2000AAC7B /* sfml-graphics.framework */,
				DB0A9D341727FD03004AB293 /* sfml-audio.framework */,
			);
			name = Frameworks;
			sourceTree = "<group>";
		};
		A01FB6B10F07CF7C000AAC7B /* Resources */ = {
			isa = PBXGroup;
			children = (
				DB0A9D441727FECA004AB293 /* images */,
				DB0A9D431727FEC4004AB293 /* sounds */,
				A01FB6AC0F07CF6E000AAC7B /* Info.plist */,
			);
			name = Resources;
			sourceTree = "<group>";
		};
		DB0A9D381727FD81004AB293 /* system */ = {
			isa = PBXGroup;
			children = (
				DB0A9D061727F905004AB293 /* application_states.h */,
				DB0A9D071727F905004AB293 /* application.cpp */,
				DB0A9D081727F905004AB293 /* application.h */,
				DB0A9CCA1727F4B7004AB293 /* event_handler.cpp */,
				DB0A9CCB1727F4B7004AB293 /* event_handler.h */,
				DB0A9CCC1727F4B7004AB293 /* main.cpp */,
				DB0A9CCD1727F4B7004AB293 /* menu.cpp */,
				DB0A9CCE1727F4B7004AB293 /* menu.h */,
			);
			name = system;
			sourceTree = "<group>";
		};
		DB0A9D3D1727FE1C004AB293 /* sound */ = {
			isa = PBXGroup;
			children = (
				DB0A9D2A1727FC11004AB293 /* sound.cpp */,
				DB0A9D2B1727FC11004AB293 /* sound.h */,
			);
			name = sound;
			sourceTree = "<group>";
		};
		DB0A9D431727FEC4004AB293 /* sounds */ = {
			isa = PBXGroup;
			children = (
				DB0A9D651727FF45004AB293 /* Kick 1.wav */,
				DB0A9D661727FF45004AB293 /* Kick 2.wav */,
				DB0A9D671727FF45004AB293 /* Kick 3.WAV */,
				DB0A9D681727FF45004AB293 /* Kick 4.WAV */,
				DB0A9D691727FF45004AB293 /* Kick 5.WAV */,
				DB0A9D6A1727FF45004AB293 /* Kick 6.WAV */,
				DB0A9D6B1727FF45004AB293 /* Kick 7.WAV */,
				DB0A9D6C1727FF45004AB293 /* Kick 8.WAV */,
				DB0A9D6D1727FF45004AB293 /* Kick 9.WAV */,
				DB0A9D6E1727FF45004AB293 /* Kick 10.WAV */,
				DB0A9D6F1727FF45004AB293 /* Kick 11.WAV */,
				DB0A9D701727FF45004AB293 /* Kick 12.WAV */,
				DB0A9D711727FF45004AB293 /* Kick 13.wav */,
				DB0A9D721727FF45004AB293 /* Kick 14.WAV */,
				DB0A9D731727FF45004AB293 /* Kick 15.WAV */,
				DB0A9D741727FF45004AB293 /* Kick 16.WAV */,
				DB0A9D751727FF45004AB293 /* Kick 17.WAV */,
				DB0A9D761727FF45004AB293 /* Kick 18.WAV */,
				DB0A9D771727FF45004AB293 /* Kick 19.WAV */,
				DB0A9D781727FF45004AB293 /* Kick 20.WAV */,
				DB0A9D791727FF45004AB293 /* Kick 21.WAV */,
				DB0A9D7A1727FF45004AB293 /* Kick 22.WAV */,
				DB0A9D7B1727FF45004AB293 /* Kick 23.WAV */,
				DB0A9D7C1727FF45004AB293 /* Kick 24.wav */,
				DB0A9D7D1727FF45004AB293 /* Kick 25.WAV */,
				DB0A9D7E1727FF45004AB293 /* Kick 26.WAV */,
				DB0A9D7F1727FF45004AB293 /* Kick 27.WAV */,
				DB0A9D801727FF45004AB293 /* Kick 28.WAV */,
				DB0A9D811727FF45004AB293 /* Kick 29.WAV */,
				DB0A9D821727FF45004AB293 /* Kick 30.WAV */,
				DB0A9D831727FF45004AB293 /* Kick 31.WAV */,
				DB0A9D841727FF45004AB293 /* Kick 32.WAV */,
				DB0A9D851727FF45004AB293 /* Kick 33.WAV */,
				DB0A9D861727FF45004AB293 /* Kick 34.WAV */,
				DB0A9D871727FF45004AB293 /* Kick 35.wav */,
				DB0A9D881727FF45004AB293 /* Kick 36.WAV */,
				DB0A9D891727FF45004AB293 /* Kick 37.WAV */,
				DB0A9D8A1727FF45004AB293 /* Kick 38.WAV */,
				DB0A9D8B1727FF45004AB293 /* Kick 39.WAV */,
				DB0A9D8C1727FF45004AB293 /* Kick 40.WAV */,
				DB0A9D8D1727FF45004AB293 /* Kick 41.WAV */,
				DB0A9D8E1727FF45004AB293 /* Kick 42.WAV */,
				DB0A9D8F1727FF45004AB293 /* Kick 43.wav */,
				DB0A9D901727FF45004AB293 /* Kick 44.wav */,
				DB0A9D911727FF45004AB293 /* Kick 45.WAV */,
				DB0A9D921727FF45004AB293 /* Kick 46.wav */,
				DB0A9D931727FF45004AB293 /* Kick 47.WAV */,
				DB0A9D941727FF45004AB293 /* Kick 48.WAV */,
				DB0A9D951727FF45004AB293 /* Kick 49.WAV */,
				DB0A9D961727FF45004AB293 /* Kick 50.WAV */,
				DB0A9D971727FF45004AB293 /* Kick 51.WAV */,
				DB0A9D981727FF45004AB293 /* Kick 52.WAV */,
				DB0A9D991727FF45004AB293 /* Kick 53.wav */,
				DB0A9D9A1727FF45004AB293 /* Kick 54.wav */,
				DB0A9D9B1727FF45004AB293 /* Kick 55.wav */,
				DB0A9D9C1727FF45004AB293 /* Kick 56.WAV */,
				DB0A9D9D1727FF45004AB293 /* Kick 57.wav */,
				DB0A9D9E1727FF45004AB293 /* Kick 58.WAV */,
				DB0A9D9F1727FF45004AB293 /* Kick 59.WAV */,
				DB0A9DA01727FF45004AB293 /* Kick 60.WAV */,
				DB0A9DA11727FF45004AB293 /* Kick 61.WAV */,
				DB0A9DA21727FF45004AB293 /* Kick 62.WAV */,
				DB0A9DA31727FF45004AB293 /* Kick 63.WAV */,
				DB0A9DA41727FF45004AB293 /* Kick 64.WAV */,
				DB0A9DA51727FF45004AB293 /* Kick 65.wav */,
				DB0A9DA61727FF45004AB293 /* Kick 66.wav */,
				DB0A9DA71727FF45004AB293 /* Kick 67.wav */,
				DB0A9DA81727FF45004AB293 /* Kick 68.wav */,
				DB0A9DA91727FF45004AB293 /* Kick 69.wav */,
				DB0A9DAA1727FF45004AB293 /* Kick 70.wav */,
				DB0A9DAB1727FF45004AB293 /* Kick 71.wav */,
				DB0A9DAC1727FF45004AB293 /* Kick 72.wav */,
				DB0A9DAD1727FF45004AB293 /* Kick 73.wav */,
				DB0A9DAE1727FF45004AB293 /* Kick 74.wav */,
				DB0A9DAF1727FF45004AB293 /* Kick 75.wav */,
				DB0A9DB01727FF45004AB293 /* Kick 76.wav */,
				DB0A9DB11727FF45004AB293 /* Kick 77.wav */,
				DB0A9DB21727FF45004AB293 /* Kick 78.wav */,
				DB0A9DB31727FF45004AB293 /* Kick 79.wav */,
				DB0A9DB41727FF45004AB293 /* Kick 80.wav */,
				DB0A9DB51727FF45004AB293 /* Kick 81.wav */,
				DB0A9DB61727FF45004AB293 /* Kick 82.wav */,
				DB0A9DB71727FF45004AB293 /* Kick 83.wav */,
				DB0A9DB81727FF45004AB293 /* Kick 84.wav */,
				DB0A9DB91727FF45004AB293 /* Kick 85.wav */,
				DB0A9DBA1727FF45004AB293 /* Kick 86.wav */,
				DB0A9DBB1727FF45004AB293 /* Kick 87.wav */,
				DB0A9DBC1727FF45004AB293 /* Kick 88.wav */,
				DB0A9DBD1727FF45004AB293 /* Kick 89.wav */,
				DB0A9DBE1727FF45004AB293 /* Kick 90.wav */,
				DB0A9DBF1727FF45004AB293 /* Kick 91.wav */,
				DB0A9DC01727FF45004AB293 /* Kick 92.wav */,
				DB0A9DC11727FF45004AB293 /* Kick 93.wav */,
				DB0A9DC21727FF45004AB293 /* Kick 94.wav */,
				DB0A9DC31727FF45004AB293 /* Kick 95.wav */,
				DB0A9DC41727FF45004AB293 /* Kick 96.wav */,
				DB0A9DC51727FF45004AB293 /* Kick 97.wav */,
				DB0A9DC61727FF45004AB293 /* Kick 98.wav */,
				DB0A9DC71727FF45004AB293 /* Kick 99.wav */,
				DB0A9DC81727FF45004AB293 /* Kick 100.wav */,
				DB0A9DC91727FF45004AB293 /* Kick 101.wav */,
				DB0A9DCA1727FF45004AB293 /* Kick 102.wav */,
				DB0A9DCB1727FF45004AB293 /* Kick 103.wav */,
				DB0A9DCC1727FF45004AB293 /* Kick 104.wav */,
				DB0A9DCD1727FF45004AB293 /* Kick 105.wav */,
				DB0A9DCE1727FF45004AB293 /* Kick 106.wav */,
				DB0A9DCF1727FF45004AB293 /* Kick 107.wav */,
				DB0A9DD01727FF45004AB293 /* Kick 108.wav */,
				DB0A9DD11727FF45004AB293 /* Kick 109.wav */,
				DB0A9DD21727FF45004AB293 /* Kick 110.wav */,
				DB0A9DD31727FF45004AB293 /* Kick 111.wav */,
				DB0A9DD41727FF45004AB293 /* Kick 112.wav */,
				DB0A9DD51727FF45004AB293 /* Kick 113.wav */,
				DB0A9DD61727FF45004AB293 /* Kick 114.wav */,
				DB0A9DD71727FF45004AB293 /* Kick 115.wav */,
				DB0A9DD81727FF45004AB293 /* Kick 116.wav */,
				DB0A9DD91727FF45004AB293 /* Kick 117.wav */,
				DB0A9DDA1727FF45004AB293 /* Kick 118.wav */,
				DB0A9DDB1727FF45004AB293 /* Kick 119.wav */,
				DB0A9DDC1727FF45004AB293 /* Kick 120.wav */,
				DB0A9DDD1727FF45004AB293 /* Kick 121.wav */,
				DB0A9DDE1727FF45004AB293 /* Kick 122.wav */,
				DB0A9DDF1727FF45004AB293 /* Kick 123.wav */,
				DB0A9DE01727FF45004AB293 /* Kick 124.wav */,
				DB0A9DE11727FF45004AB293 /* Kick 125.wav */,
				DB0A9DE21727FF45004AB293 /* Kick 126.wav */,
				DB0A9DE31727FF45004AB293 /* Kick 127.wav */,
				DB0A9DE41727FF45004AB293 /* Kick 128.wav */,
				DB0A9DE51727FF45004AB293 /* Kick 129.wav */,
				DB0A9DE61727FF45004AB293 /* Kick 130.wav */,
				DB0A9DE71727FF45004AB293 /* Kick 131.wav */,
				DB0A9DE81727FF45004AB293 /* Kick 132.wav */,
				DB0A9DE91727FF45004AB293 /* Kick 133.wav */,
				DB0A9DEA1727FF45004AB293 /* Kick 134.wav */,
				DB0A9DEB1727FF45004AB293 /* Kick 135.wav */,
				DB0A9DEC1727FF45004AB293 /* Kick 136.wav */,
				DB0A9DED1727FF45004AB293 /* Kick 137.wav */,
				DB0A9DEE1727FF45004AB293 /* Kick 138.wav */,
				DB0A9DEF1727FF45004AB293 /* Kick 139.wav */,
				DB0A9DF01727FF45004AB293 /* Kick 140.wav */,
				DB0A9DF11727FF45004AB293 /* Kick 141.wav */,
				DB0A9DF21727FF45004AB293 /* Kick 142.WAV */,
				DB0A9DF31727FF45004AB293 /* Kick 143.wav */,
				DB0A9DF41727FF45004AB293 /* Kick 144.wav */,
				DB0A9DF51727FF45004AB293 /* Kick 145.WAV */,
				DB0A9DF61727FF45004AB293 /* Kick 146.WAV */,
				DB0A9DF71727FF45004AB293 /* Kick 147.wav */,
				DB0A9DF81727FF45004AB293 /* Kick 148.wav */,
				DB0A9DF91727FF45004AB293 /* Kick 149.WAV */,
				DB0A9DFA1727FF45004AB293 /* Kick 150.wav */,
				DB0A9DFB1727FF45004AB293 /* Kick 151.wav */,
				DB0A9DFC1727FF45004AB293 /* Kick 152.wav */,
				DB0A9DFD1727FF45004AB293 /* Kick 153.WAV */,
				DB0A9DFE1727FF45004AB293 /* Kick 154.wav */,
				DB0A9DFF1727FF45004AB293 /* Kick 155.wav */,
				DB0A9E001727FF45004AB293 /* Kick 156.WAV */,
				DB0A9E011727FF45004AB293 /* Kick 157.WAV */,
				DB0A9E021727FF45004AB293 /* Kick 158.wav */,
			);
			name = sounds;
			sourceTree = "<group>";
		};
		DB0A9D441727FECA004AB293 /* images */ = {
			isa = PBXGroup;
			children = (
				DB0A9EA1172803C1004AB293 /* background.jpg */,
				DB0A9EA2172803C1004AB293 /* button.jpg */,
			);
			name = images;
			sourceTree = "<group>";
		};
/* End PBXGroup section */

/* Begin PBXNativeTarget section */
		A01FB6A80F07CF6E000AAC7B /* Stepilicious */ = {
			isa = PBXNativeTarget;
			buildConfigurationList = A01FB6AF0F07CF6F000AAC7B /* Build configuration list for PBXNativeTarget "Stepilicious" */;
			buildPhases = (
				A01FB6A50F07CF6E000AAC7B /* Resources */,
				A01FB6A60F07CF6E000AAC7B /* Sources */,
				A01FB6A70F07CF6E000AAC7B /* Frameworks */,
				A0072AF00F1D0EDD00B4A594 /* Copy Frameworks */,
			);
			buildRules = (
			);
			dependencies = (
			);
			name = Stepilicious;
			productName = Stepilicious;
			productReference = A01FB6A90F07CF6E000AAC7B /* Stepilicious.app */;
			productType = "com.apple.product-type.application";
		};
/* End PBXNativeTarget section */

/* Begin PBXProject section */
		A01FB69C0F07CF63000AAC7B /* Project object */ = {
			isa = PBXProject;
			buildConfigurationList = A01FB69F0F07CF63000AAC7B /* Build configuration list for PBXProject "Stepilicious" */;
			compatibilityVersion = "Xcode 2.4";
			hasScannedForEncodings = 0;
			mainGroup = A01FB69A0F07CF63000AAC7B;
			productRefGroup = A01FB6AA0F07CF6E000AAC7B /* Products */;
			projectDirPath = "";
			projectRoot = "";
			targets = (
				A01FB6A80F07CF6E000AAC7B /* Stepilicious */,
			);
		};
/* End PBXProject section */

/* Begin PBXResourcesBuildPhase section */
		A01FB6A50F07CF6E000AAC7B /* Resources */ = {
			isa = PBXResourcesBuildPhase;
			buildActionMask = 2147483647;
			files = (
				DB0A9E031727FF45004AB293 /* Kick 1.wav in Resources */,
				DB0A9E041727FF45004AB293 /* Kick 2.wav in Resources */,
				DB0A9E051727FF45004AB293 /* Kick 3.WAV in Resources */,
				DB0A9E061727FF45004AB293 /* Kick 4.WAV in Resources */,
				DB0A9E071727FF45004AB293 /* Kick 5.WAV in Resources */,
				DB0A9E081727FF45004AB293 /* Kick 6.WAV in Resources */,
				DB0A9E091727FF45004AB293 /* Kick 7.WAV in Resources */,
				DB0A9E0A1727FF45004AB293 /* Kick 8.WAV in Resources */,
				DB0A9E0B1727FF45004AB293 /* Kick 9.WAV in Resources */,
				DB0A9E0C1727FF45004AB293 /* Kick 10.WAV in Resources */,
				DB0A9E0D1727FF45004AB293 /* Kick 11.WAV in Resources */,
				DB0A9E0E1727FF45004AB293 /* Kick 12.WAV in Resources */,
				DB0A9E0F1727FF45004AB293 /* Kick 13.wav in Resources */,
				DB0A9E101727FF45004AB293 /* Kick 14.WAV in Resources */,
				DB0A9E111727FF45004AB293 /* Kick 15.WAV in Resources */,
				DB0A9E121727FF45004AB293 /* Kick 16.WAV in Resources */,
				DB0A9E131727FF45004AB293 /* Kick 17.WAV in Resources */,
				DB0A9E141727FF45004AB293 /* Kick 18.WAV in Resources */,
				DB0A9E151727FF45004AB293 /* Kick 19.WAV in Resources */,
				DB0A9E161727FF45004AB293 /* Kick 20.WAV in Resources */,
				DB0A9E171727FF45004AB293 /* Kick 21.WAV in Resources */,
				DB0A9E181727FF45004AB293 /* Kick 22.WAV in Resources */,
				DB0A9E191727FF45004AB293 /* Kick 23.WAV in Resources */,
				DB0A9E1A1727FF45004AB293 /* Kick 24.wav in Resources */,
				DB0A9E1B1727FF45004AB293 /* Kick 25.WAV in Resources */,
				DB0A9E1C1727FF45004AB293 /* Kick 26.WAV in Resources */,
				DB0A9E1D1727FF45004AB293 /* Kick 27.WAV in Resources */,
				DB0A9E1E1727FF45004AB293 /* Kick 28.WAV in Resources */,
				DB0A9E1F1727FF45004AB293 /* Kick 29.WAV in Resources */,
				DB0A9E201727FF45004AB293 /* Kick 30.WAV in Resources */,
				DB0A9E211727FF45004AB293 /* Kick 31.WAV in Resources */,
				DB0A9E221727FF45004AB293 /* Kick 32.WAV in Resources */,
				DB0A9E231727FF45004AB293 /* Kick 33.WAV in Resources */,
				DB0A9E241727FF45004AB293 /* Kick 34.WAV in Resources */,
				DB0A9E251727FF45004AB293 /* Kick 35.wav in Resources */,
				DB0A9E261727FF45004AB293 /* Kick 36.WAV in Resources */,
				DB0A9E271727FF45004AB293 /* Kick 37.WAV in Resources */,
				DB0A9E281727FF45004AB293 /* Kick 38.WAV in Resources */,
				DB0A9E291727FF45004AB293 /* Kick 39.WAV in Resources */,
				DB0A9E2A1727FF45004AB293 /* Kick 40.WAV in Resources */,
				DB0A9E2B1727FF45004AB293 /* Kick 41.WAV in Resources */,
				DB0A9E2C1727FF45004AB293 /* Kick 42.WAV in Resources */,
				DB0A9E2D1727FF45004AB293 /* Kick 43.wav in Resources */,
				DB0A9E2E1727FF45004AB293 /* Kick 44.wav in Resources */,
				DB0A9E2F1727FF45004AB293 /* Kick 45.WAV in Resources */,
				DB0A9E301727FF45004AB293 /* Kick 46.wav in Resources */,
				DB0A9E311727FF45004AB293 /* Kick 47.WAV in Resources */,
				DB0A9E321727FF45004AB293 /* Kick 48.WAV in Resources */,
				DB0A9E331727FF45004AB293 /* Kick 49.WAV in Resources */,
				DB0A9E341727FF45004AB293 /* Kick 50.WAV in Resources */,
				DB0A9E351727FF45004AB293 /* Kick 51.WAV in Resources */,
				DB0A9E361727FF45004AB293 /* Kick 52.WAV in Resources */,
				DB0A9E371727FF45004AB293 /* Kick 53.wav in Resources */,
				DB0A9E381727FF45004AB293 /* Kick 54.wav in Resources */,
				DB0A9E391727FF45004AB293 /* Kick 55.wav in Resources */,
				DB0A9E3A1727FF45004AB293 /* Kick 56.WAV in Resources */,
				DB0A9E3B1727FF45004AB293 /* Kick 57.wav in Resources */,
				DB0A9E3C1727FF45004AB293 /* Kick 58.WAV in Resources */,
				DB0A9E3D1727FF45004AB293 /* Kick 59.WAV in Resources */,
				DB0A9E3E1727FF45004AB293 /* Kick 60.WAV in Resources */,
				DB0A9E3F1727FF45004AB293 /* Kick 61.WAV in Resources */,
				DB0A9E401727FF45004AB293 /* Kick 62.WAV in Resources */,
				DB0A9E411727FF45004AB293 /* Kick 63.WAV in Resources */,
				DB0A9E421727FF45004AB293 /* Kick 64.WAV in Resources */,
				DB0A9E431727FF45004AB293 /* Kick 65.wav in Resources */,
				DB0A9E441727FF45004AB293 /* Kick 66.wav in Resources */,
				DB0A9E451727FF45004AB293 /* Kick 67.wav in Resources */,
				DB0A9E461727FF45004AB293 /* Kick 68.wav in Resources */,
				DB0A9E471727FF45004AB293 /* Kick 69.wav in Resources */,
				DB0A9E481727FF45004AB293 /* Kick 70.wav in Resources */,
				DB0A9E491727FF45004AB293 /* Kick 71.wav in Resources */,
				DB0A9E4A1727FF45004AB293 /* Kick 72.wav in Resources */,
				DB0A9E4B1727FF45004AB293 /* Kick 73.wav in Resources */,
				DB0A9E4C1727FF45004AB293 /* Kick 74.wav in Resources */,
				DB0A9E4D1727FF45004AB293 /* Kick 75.wav in Resources */,
				DB0A9E4E1727FF45004AB293 /* Kick 76.wav in Resources */,
				DB0A9E4F1727FF45004AB293 /* Kick 77.wav in Resources */,
				DB0A9E501727FF45004AB293 /* Kick 78.wav in Resources */,
				DB0A9E511727FF45004AB293 /* Kick 79.wav in Resources */,
				DB0A9E521727FF45004AB293 /* Kick 80.wav in Resources */,
				DB0A9E531727FF45004AB293 /* Kick 81.wav in Resources */,
				DB0A9E541727FF45004AB293 /* Kick 82.wav in Resources */,
				DB0A9E551727FF45004AB293 /* Kick 83.wav in Resources */,
				DB0A9E561727FF45004AB293 /* Kick 84.wav in Resources */,
				DB0A9E571727FF45004AB293 /* Kick 85.wav in Resources */,
				DB0A9E581727FF45004AB293 /* Kick 86.wav in Resources */,
				DB0A9E591727FF45004AB293 /* Kick 87.wav in Resources */,
				DB0A9E5A1727FF45004AB293 /* Kick 88.wav in Resources */,
				DB0A9E5B1727FF45004AB293 /* Kick 89.wav in Resources */,
				DB0A9E5C1727FF45004AB293 /* Kick 90.wav in Resources */,
				DB0A9E5D1727FF45004AB293 /* Kick 91.wav in Resources */,
				DB0A9E5E1727FF45004AB293 /* Kick 92.wav in Resources */,
				DB0A9E5F1727FF45004AB293 /* Kick 93.wav in Resources */,
				DB0A9E601727FF45004AB293 /* Kick 94.wav in Resources */,
				DB0A9E611727FF45004AB293 /* Kick 95.wav in Resources */,
				DB0A9E621727FF45004AB293 /* Kick 96.wav in Resources */,
				DB0A9E631727FF45004AB293 /* Kick 97.wav in Resources */,
				DB0A9E641727FF45004AB293 /* Kick 98.wav in Resources */,
				DB0A9E651727FF45004AB293 /* Kick 99.wav in Resources */,
				DB0A9E661727FF45004AB293 /* Kick 100.wav in Resources */,
				DB0A9E671727FF45004AB293 /* Kick 101.wav in Resources */,
				DB0A9E681727FF45004AB293 /* Kick 102.wav in Resources */,
				DB0A9E691727FF45004AB293 /* Kick 103.wav in Resources */,
				DB0A9E6A1727FF45004AB293 /* Kick 104.wav in Resources */,
				DB0A9E6B1727FF45004AB293 /* Kick 105.wav in Resources */,
				DB0A9E6C1727FF45004AB293 /* Kick 106.wav in Resources */,
				DB0A9E6D1727FF45004AB293 /* Kick 107.wav in Resources */,
				DB0A9E6E1727FF45004AB293 /* Kick 108.wav in Resources */,
				DB0A9E6F1727FF45004AB293 /* Kick 109.wav in Resources */,
				DB0A9E701727FF45004AB293 /* Kick 110.wav in Resources */,
				DB0A9E711727FF45004AB293 /* Kick 111.wav in Resources */,
				DB0A9E721727FF45004AB293 /* Kick 112.wav in Resources */,
				DB0A9E731727FF45004AB293 /* Kick 113.wav in Resources */,
				DB0A9E741727FF45004AB293 /* Kick 114.wav in Resources */,
				DB0A9E751727FF45004AB293 /* Kick 115.wav in Resources */,
				DB0A9E761727FF45004AB293 /* Kick 116.wav in Resources */,
				DB0A9E771727FF45004AB293 /* Kick 117.wav in Resources */,
				DB0A9E781727FF45004AB293 /* Kick 118.wav in Resources */,
				DB0A9E791727FF45004AB293 /* Kick 119.wav in Resources */,
				DB0A9E7A1727FF45004AB293 /* Kick 120.wav in Resources */,
				DB0A9E7B1727FF45004AB293 /* Kick 121.wav in Resources */,
				DB0A9E7C1727FF45004AB293 /* Kick 122.wav in Resources */,
				DB0A9E7D1727FF45004AB293 /* Kick 123.wav in Resources */,
				DB0A9E7E1727FF45004AB293 /* Kick 124.wav in Resources */,
				DB0A9E7F1727FF45004AB293 /* Kick 125.wav in Resources */,
				DB0A9E801727FF45004AB293 /* Kick 126.wav in Resources */,
				DB0A9E811727FF45004AB293 /* Kick 127.wav in Resources */,
				DB0A9E821727FF45004AB293 /* Kick 128.wav in Resources */,
				DB0A9E831727FF45004AB293 /* Kick 129.wav in Resources */,
				DB0A9E841727FF45004AB293 /* Kick 130.wav in Resources */,
				DB0A9E851727FF45004AB293 /* Kick 131.wav in Resources */,
				DB0A9E861727FF45004AB293 /* Kick 132.wav in Resources */,
				DB0A9E871727FF45004AB293 /* Kick 133.wav in Resources */,
				DB0A9E881727FF45004AB293 /* Kick 134.wav in Resources */,
				DB0A9E891727FF45004AB293 /* Kick 135.wav in Resources */,
				DB0A9E8A1727FF45004AB293 /* Kick 136.wav in Resources */,
				DB0A9E8B1727FF45004AB293 /* Kick 137.wav in Resources */,
				DB0A9E8C1727FF45004AB293 /* Kick 138.wav in Resources */,
				DB0A9E8D1727FF45004AB293 /* Kick 139.wav in Resources */,
				DB0A9E8E1727FF45004AB293 /* Kick 140.wav in Resources */,
				DB0A9E8F1727FF45004AB293 /* Kick 141.wav in Resources */,
				DB0A9E901727FF45004AB293 /* Kick 142.WAV in Resources */,
				DB0A9E911727FF45004AB293 /* Kick 143.wav in Resources */,
				DB0A9E921727FF45004AB293 /* Kick 144.wav in Resources */,
				DB0A9E931727FF45004AB293 /* Kick 145.WAV in Resources */,
				DB0A9E941727FF45004AB293 /* Kick 146.WAV in Resources */,
				DB0A9E951727FF45004AB293 /* Kick 147.wav in Resources */,
				DB0A9E961727FF45004AB293 /* Kick 148.wav in Resources */,
				DB0A9E971727FF45004AB293 /* Kick 149.WAV in Resources */,
				DB0A9E981727FF45004AB293 /* Kick 150.wav in Resources */,
				DB0A9E991727FF45004AB293 /* Kick 151.wav in Resources */,
				DB0A9E9A1727FF45004AB293 /* Kick 152.wav in Resources */,
				DB0A9E9B1727FF45004AB293 /* Kick 153.WAV in Resources */,
				DB0A9E9C1727FF45004AB293 /* Kick 154.wav in Resources */,
				DB0A9E9D1727FF45004AB293 /* Kick 155.wav in Resources */,
				DB0A9E9E1727FF45004AB293 /* Kick 156.WAV in Resources */,
				DB0A9E9F1727FF45004AB293 /* Kick 157.WAV in Resources */,
				DB0A9EA01727FF45004AB293 /* Kick 158.wav in Resources */,
				DB0A9EA3172803C1004AB293 /* background.jpg in Resources */,
				DB0A9EA4172803C1004AB293 /* button.jpg in Resources */,
			);
			runOnlyForDeploymentPostprocessing = 0;
		};
/* End PBXResourcesBuildPhase section */

/* Begin PBXSourcesBuildPhase section */
		A01FB6A60F07CF6E000AAC7B /* Sources */ = {
			isa = PBXSourcesBuildPhase;
			buildActionMask = 2147483647;
			files = (
				DB0A9CD31727F4B7004AB293 /* event_handler.cpp in Sources */,
				DB0A9CD41727F4B7004AB293 /* main.cpp in Sources */,
				DB0A9CD51727F4B7004AB293 /* menu.cpp in Sources */,
				DB0A9CE11727F532004AB293 /* session.cpp in Sources */,
				DB0A9D091727F905004AB293 /* application.cpp in Sources */,
				DB0A9D2C1727FC11004AB293 /* sound.cpp in Sources */,
				DB0A9D311727FC78004AB293 /* slot.cpp in Sources */,
			);
			runOnlyForDeploymentPostprocessing = 0;
		};
/* End PBXSourcesBuildPhase section */

/* Begin XCBuildConfiguration section */
		A01FB69D0F07CF63000AAC7B /* Debug */ = {
			isa = XCBuildConfiguration;
			buildSettings = {
				COPY_PHASE_STRIP = NO;
			};
			name = Debug;
		};
		A01FB69E0F07CF63000AAC7B /* Release */ = {
			isa = XCBuildConfiguration;
			buildSettings = {
				COPY_PHASE_STRIP = YES;
			};
			name = Release;
		};
		A01FB6AD0F07CF6F000AAC7B /* Debug */ = {
			isa = XCBuildConfiguration;
			buildSettings = {
				ALWAYS_SEARCH_USER_PATHS = NO;
				COPY_PHASE_STRIP = NO;
				GCC_DYNAMIC_NO_PIC = NO;
				GCC_ENABLE_FIX_AND_CONTINUE = YES;
				GCC_MODEL_TUNING = G5;
				GCC_OPTIMIZATION_LEVEL = 0;
				INFOPLIST_FILE = Info.plist;
				INSTALL_PATH = "$(HOME)/Applications";
				PREBINDING = NO;
				PRODUCT_NAME = Stepilicious;
			};
			name = Debug;
		};
		A01FB6AE0F07CF6F000AAC7B /* Release */ = {
			isa = XCBuildConfiguration;
			buildSettings = {
				ALWAYS_SEARCH_USER_PATHS = NO;
				COPY_PHASE_STRIP = YES;
				DEBUG_INFORMATION_FORMAT = "dwarf-with-dsym";
				GCC_ENABLE_FIX_AND_CONTINUE = NO;
				GCC_MODEL_TUNING = G5;
				INFOPLIST_FILE = Info.plist;
				INSTALL_PATH = "$(HOME)/Applications";
				PREBINDING = NO;
				PRODUCT_NAME = Stepilicious;
				ZERO_LINK = NO;
			};
			name = Release;
		};
/* End XCBuildConfiguration section */

/* Begin XCConfigurationList section */
		A01FB69F0F07CF63000AAC7B /* Build configuration list for PBXProject "Stepilicious" */ = {
			isa = XCConfigurationList;
			buildConfigurations = (
				A01FB69D0F07CF63000AAC7B /* Debug */,
				A01FB69E0F07CF63000AAC7B /* Release */,
			);
			defaultConfigurationIsVisible = 0;
			defaultConfigurationName = Release;
		};
		A01FB6AF0F07CF6F000AAC7B /* Build configuration list for PBXNativeTarget "Stepilicious" */ = {
			isa = XCConfigurationList;
			buildConfigurations = (
				A01FB6AD0F07CF6F000AAC7B /* Debug */,
				A01FB6AE0F07CF6F000AAC7B /* Release */,
			);
			defaultConfigurationIsVisible = 0;
			defaultConfigurationName = Release;
		};
/* End XCConfigurationList section */
	};
	rootObject = A01FB69C0F07CF63000AAC7B /* Project object */;
}
